// !$*UTF8*$!
{
	archiveVersion = 1;
	classes = {
	};
	objectVersion = 46;
	objects = {

/* Begin PBXBuildFile section */
		C402E18119D8AD130040E359 /* SVProgressHUD.bundle in Resources */ = {isa = PBXBuildFile; fileRef = C402E17E19D8AD130040E359 /* SVProgressHUD.bundle */; };
		C402E18219D8AD130040E359 /* SVProgressHUD.m in Sources */ = {isa = PBXBuildFile; fileRef = C402E18019D8AD130040E359 /* SVProgressHUD.m */; };
		C415A30215CC95A0004BCD79 /* ISBookmarksTableViewController.m in Sources */ = {isa = PBXBuildFile; fileRef = C415A30115CC95A0004BCD79 /* ISBookmarksTableViewController.m */; };
		C415A30B15CC9952004BCD79 /* ISLectorViewController.m in Sources */ = {isa = PBXBuildFile; fileRef = C415A30A15CC9952004BCD79 /* ISLectorViewController.m */; };
		C423682715DEBBDF0066B1D7 /* Security.framework in Frameworks */ = {isa = PBXBuildFile; fileRef = C423682615DEBBDF0066B1D7 /* Security.framework */; };
		C423682915DEBBE70066B1D7 /* MessageUI.framework in Frameworks */ = {isa = PBXBuildFile; fileRef = C423682815DEBBE70066B1D7 /* MessageUI.framework */; };
		C423682B15DEBBEF0066B1D7 /* CFNetwork.framework in Frameworks */ = {isa = PBXBuildFile; fileRef = C423682A15DEBBEF0066B1D7 /* CFNetwork.framework */; };
		C423682D15DEBBF70066B1D7 /* CoreLocation.framework in Frameworks */ = {isa = PBXBuildFile; fileRef = C423682C15DEBBF70066B1D7 /* CoreLocation.framework */; };
		C42D425F15E3D9600042E708 /* QuartzCore.framework in Frameworks */ = {isa = PBXBuildFile; fileRef = C42D425E15E3D9600042E708 /* QuartzCore.framework */; };
		C42D426115E3D9650042E708 /* MapKit.framework in Frameworks */ = {isa = PBXBuildFile; fileRef = C42D426015E3D9640042E708 /* MapKit.framework */; };
		C45BE28316E0E8DD007C2F02 /* Default.png in Resources */ = {isa = PBXBuildFile; fileRef = C45BE28216E0E8DD007C2F02 /* Default.png */; };
		C45BE28516E0E8DF007C2F02 /* Default@2x.png in Resources */ = {isa = PBXBuildFile; fileRef = C45BE28416E0E8DF007C2F02 /* Default@2x.png */; };
		C45BE28716E0E8F6007C2F02 /* Default-568h@2x.png in Resources */ = {isa = PBXBuildFile; fileRef = C45BE28616E0E8F6007C2F02 /* Default-568h@2x.png */; };
		C45BE28916E0E8FD007C2F02 /* Default-Portrait~ipad.png in Resources */ = {isa = PBXBuildFile; fileRef = C45BE28816E0E8FD007C2F02 /* Default-Portrait~ipad.png */; };
		C45BE28B16E0E900007C2F02 /* Default-Portrait@2x~ipad.png in Resources */ = {isa = PBXBuildFile; fileRef = C45BE28A16E0E900007C2F02 /* Default-Portrait@2x~ipad.png */; };
		C45BE28D16E0E903007C2F02 /* Default-Landscape~ipad.png in Resources */ = {isa = PBXBuildFile; fileRef = C45BE28C16E0E903007C2F02 /* Default-Landscape~ipad.png */; };
		C45BE28F16E0E904007C2F02 /* Default-Landscape@2x~ipad.png in Resources */ = {isa = PBXBuildFile; fileRef = C45BE28E16E0E904007C2F02 /* Default-Landscape@2x~ipad.png */; };
		C45D3CF116CD4E0200877F94 /* ISInfoDictionary.m in Sources */ = {isa = PBXBuildFile; fileRef = C45D3CF016CD4E0200877F94 /* ISInfoDictionary.m */; };
		C462BDAF15C95A8700170E3C /* UIKit.framework in Frameworks */ = {isa = PBXBuildFile; fileRef = C462BDAE15C95A8700170E3C /* UIKit.framework */; };
		C462BDB115C95A8700170E3C /* Foundation.framework in Frameworks */ = {isa = PBXBuildFile; fileRef = C462BDB015C95A8700170E3C /* Foundation.framework */; };
		C462BDB315C95A8700170E3C /* CoreGraphics.framework in Frameworks */ = {isa = PBXBuildFile; fileRef = C462BDB215C95A8700170E3C /* CoreGraphics.framework */; };
		C462BDB515C95A8700170E3C /* CoreData.framework in Frameworks */ = {isa = PBXBuildFile; fileRef = C462BDB415C95A8700170E3C /* CoreData.framework */; };
		C462BDBB15C95A8700170E3C /* InfoPlist.strings in Resources */ = {isa = PBXBuildFile; fileRef = C462BDB915C95A8700170E3C /* InfoPlist.strings */; };
		C462BDBD15C95A8700170E3C /* main.m in Sources */ = {isa = PBXBuildFile; fileRef = C462BDBC15C95A8700170E3C /* main.m */; };
		C462BDC115C95A8700170E3C /* ISAppDelegate.m in Sources */ = {isa = PBXBuildFile; fileRef = C462BDC015C95A8700170E3C /* ISAppDelegate.m */; };
		C462BDC415C95A8700170E3C /* MainStoryboard_iPhone.storyboard in Resources */ = {isa = PBXBuildFile; fileRef = C462BDC215C95A8700170E3C /* MainStoryboard_iPhone.storyboard */; };
		C462BDC715C95A8700170E3C /* MainStoryboard_iPad.storyboard in Resources */ = {isa = PBXBuildFile; fileRef = C462BDC515C95A8700170E3C /* MainStoryboard_iPad.storyboard */; };
		C462BDCA15C95A8700170E3C /* IRSOT_Seminars.xcdatamodeld in Sources */ = {isa = PBXBuildFile; fileRef = C462BDC815C95A8700170E3C /* IRSOT_Seminars.xcdatamodeld */; };
		C462BDDB15C95B7300170E3C /* ISMainPageViewController.m in Sources */ = {isa = PBXBuildFile; fileRef = C462BDDA15C95B7300170E3C /* ISMainPageViewController.m */; };
		C46A618215DD2E2D0093C39E /* SystemConfiguration.framework in Frameworks */ = {isa = PBXBuildFile; fileRef = C46A618115DD2E2D0093C39E /* SystemConfiguration.framework */; };
		C46DED3716D257FA008DAC47 /* EventKit.framework in Frameworks */ = {isa = PBXBuildFile; fileRef = C46DED3616D257FA008DAC47 /* EventKit.framework */; };
		C46DED8216D26813008DAC47 /* ISAlertTimesTableViewController.m in Sources */ = {isa = PBXBuildFile; fileRef = C46DED8116D26813008DAC47 /* ISAlertTimesTableViewController.m */; };
		C46DED8516D28828008DAC47 /* ISAlertTimes.m in Sources */ = {isa = PBXBuildFile; fileRef = C46DED8416D28828008DAC47 /* ISAlertTimes.m */; };
		C4786CA416DE023C007A9B4A /* CoreImage.framework in Frameworks */ = {isa = PBXBuildFile; fileRef = C4786CA316DE023C007A9B4A /* CoreImage.framework */; };
		C481E96719DD78A400356E79 /* ISActivityProvider.m in Sources */ = {isa = PBXBuildFile; fileRef = C481E96619DD78A400356E79 /* ISActivityProvider.m */; };
		C483E40C15D2ADD1001A41FB /* ISLectorListTableViewController.m in Sources */ = {isa = PBXBuildFile; fileRef = C483E40B15D2ADD1001A41FB /* ISLectorListTableViewController.m */; };
		C483E40F15D2C393001A41FB /* Helper.m in Sources */ = {isa = PBXBuildFile; fileRef = C483E40E15D2C393001A41FB /* Helper.m */; };
		C48F972215CC663400F4AA51 /* ISSeminarViewController.m in Sources */ = {isa = PBXBuildFile; fileRef = C48F972115CC663400F4AA51 /* ISSeminarViewController.m */; };
		C49852231A01336800957B63 /* Info+Load_data.m in Sources */ = {isa = PBXBuildFile; fileRef = C49852221A01336800957B63 /* Info+Load_data.m */; };
		C49852261A01346900957B63 /* Info.m in Sources */ = {isa = PBXBuildFile; fileRef = C49852251A01346900957B63 /* Info.m */; };
		C4B7563516D24D5300C23950 /* Localizable.strings in Resources */ = {isa = PBXBuildFile; fileRef = C4B7563716D24D5300C23950 /* Localizable.strings */; };
		C4C66E1E1674F49B00B0885F /* libsqlite3.dylib in Frameworks */ = {isa = PBXBuildFile; fileRef = C4C66E1D1674F49B00B0885F /* libsqlite3.dylib */; };
		C4C66E241674F54700B0885F /* Accounts.framework in Frameworks */ = {isa = PBXBuildFile; fileRef = C4C66E231674F54700B0885F /* Accounts.framework */; settings = {ATTRIBUTES = (Weak, ); }; };
		C4D42D9119D72DE5003D51CD /* Images.xcassets in Resources */ = {isa = PBXBuildFile; fileRef = C4D42D9019D72DE5003D51CD /* Images.xcassets */; };
		C4D42DAE19D72EDC003D51CD /* AllEvents.m in Sources */ = {isa = PBXBuildFile; fileRef = C4D42D9319D72EDC003D51CD /* AllEvents.m */; };
		C4D42DAF19D72EDC003D51CD /* AllEvents+Load_Data.m in Sources */ = {isa = PBXBuildFile; fileRef = C4D42D9519D72EDC003D51CD /* AllEvents+Load_Data.m */; };
		C4D42DB219D72EDC003D51CD /* Lector.m in Sources */ = {isa = PBXBuildFile; fileRef = C4D42D9B19D72EDC003D51CD /* Lector.m */; };
		C4D42DB319D72EDC003D51CD /* Lector+Load_Data.m in Sources */ = {isa = PBXBuildFile; fileRef = C4D42D9D19D72EDC003D51CD /* Lector+Load_Data.m */; };
		C4D42DB419D72EDC003D51CD /* Section.m in Sources */ = {isa = PBXBuildFile; fileRef = C4D42D9F19D72EDC003D51CD /* Section.m */; };
		C4D42DB519D72EDC003D51CD /* Section+Load_Data.m in Sources */ = {isa = PBXBuildFile; fileRef = C4D42DA119D72EDC003D51CD /* Section+Load_Data.m */; };
		C4D42DB619D72EDC003D51CD /* Sections.m in Sources */ = {isa = PBXBuildFile; fileRef = C4D42DA319D72EDC003D51CD /* Sections.m */; };
		C4D42DB719D72EDC003D51CD /* Seminar.m in Sources */ = {isa = PBXBuildFile; fileRef = C4D42DA519D72EDC003D51CD /* Seminar.m */; };
		C4D42DB819D72EDC003D51CD /* Seminar+Load_Data.m in Sources */ = {isa = PBXBuildFile; fileRef = C4D42DA719D72EDC003D51CD /* Seminar+Load_Data.m */; };
		C4D42DB919D72EDC003D51CD /* Term.m in Sources */ = {isa = PBXBuildFile; fileRef = C4D42DA919D72EDC003D51CD /* Term.m */; };
		C4D42DBA19D72EDC003D51CD /* Type.m in Sources */ = {isa = PBXBuildFile; fileRef = C4D42DAB19D72EDC003D51CD /* Type.m */; };
		C4D42DBB19D72EDC003D51CD /* Type+Load_Data.m in Sources */ = {isa = PBXBuildFile; fileRef = C4D42DAD19D72EDC003D51CD /* Type+Load_Data.m */; };
		C4D42DC619D731FB003D51CD /* ISTheme.m in Sources */ = {isa = PBXBuildFile; fileRef = C4D42DC519D731FB003D51CD /* ISTheme.m */; };
		C4D7CEF515D3F1A60003F90C /* ISNewsWebviewControllerViewController.m in Sources */ = {isa = PBXBuildFile; fileRef = C4D7CEF415D3F1A60003F90C /* ISNewsWebviewControllerViewController.m */; };
		C4DCB69416C1534F00519F6A /* ReachabilityARC.m in Sources */ = {isa = PBXBuildFile; fileRef = C425DFCF16C00617002338E3 /* ReachabilityARC.m */; };
		C4DE788015C95C02007FBEC4 /* ISInfoTableViewController.m in Sources */ = {isa = PBXBuildFile; fileRef = C4DE787F15C95C02007FBEC4 /* ISInfoTableViewController.m */; };
		C4DE788415C95C42007FBEC4 /* ISWebviewViewController.m in Sources */ = {isa = PBXBuildFile; fileRef = C4DE788315C95C42007FBEC4 /* ISWebviewViewController.m */; };
		C4DE788715C95C96007FBEC4 /* ISSettingsViewController.m in Sources */ = {isa = PBXBuildFile; fileRef = C4DE788615C95C96007FBEC4 /* ISSettingsViewController.m */; };
		C4DE788A15C95D26007FBEC4 /* ISSeminarListTableViewController.m in Sources */ = {isa = PBXBuildFile; fileRef = C4DE788915C95D26007FBEC4 /* ISSeminarListTableViewController.m */; };
		C4DE788F15C95E34007FBEC4 /* Info Links.plist in Resources */ = {isa = PBXBuildFile; fileRef = C4DE788E15C95E34007FBEC4 /* Info Links.plist */; };
		C4DE789215C96EF3007FBEC4 /* SeminarFetcher.m in Sources */ = {isa = PBXBuildFile; fileRef = C4DE789115C96EF3007FBEC4 /* SeminarFetcher.m */; };
/* End PBXBuildFile section */

/* Begin PBXFileReference section */
		C402E17B19D892EE0040E359 /* Base */ = {isa = PBXFileReference; lastKnownFileType = file.storyboard; name = Base; path = Base.lproj/MainStoryboard_iPad.storyboard; sourceTree = "<group>"; };
		C402E17C19D893000040E359 /* Base */ = {isa = PBXFileReference; lastKnownFileType = file.storyboard; name = Base; path = Base.lproj/MainStoryboard_iPhone.storyboard; sourceTree = "<group>"; };
		C402E17D19D8AD130040E359 /* SVProgressHUD-Prefix.pch */ = {isa = PBXFileReference; fileEncoding = 4; lastKnownFileType = sourcecode.c.h; name = "SVProgressHUD-Prefix.pch"; path = "Submodules/SVProgressHUD/SVProgressHUD-Prefix.pch"; sourceTree = SOURCE_ROOT; };
		C402E17E19D8AD130040E359 /* SVProgressHUD.bundle */ = {isa = PBXFileReference; lastKnownFileType = "wrapper.plug-in"; name = SVProgressHUD.bundle; path = Submodules/SVProgressHUD/SVProgressHUD.bundle; sourceTree = SOURCE_ROOT; };
		C402E17F19D8AD130040E359 /* SVProgressHUD.h */ = {isa = PBXFileReference; fileEncoding = 4; lastKnownFileType = sourcecode.c.h; name = SVProgressHUD.h; path = Submodules/SVProgressHUD/SVProgressHUD.h; sourceTree = SOURCE_ROOT; };
		C402E18019D8AD130040E359 /* SVProgressHUD.m */ = {isa = PBXFileReference; fileEncoding = 4; lastKnownFileType = sourcecode.c.objc; name = SVProgressHUD.m; path = Submodules/SVProgressHUD/SVProgressHUD.m; sourceTree = SOURCE_ROOT; };
		C415A30015CC95A0004BCD79 /* ISBookmarksTableViewController.h */ = {isa = PBXFileReference; fileEncoding = 4; lastKnownFileType = sourcecode.c.h; path = ISBookmarksTableViewController.h; sourceTree = "<group>"; };
		C415A30115CC95A0004BCD79 /* ISBookmarksTableViewController.m */ = {isa = PBXFileReference; fileEncoding = 4; lastKnownFileType = sourcecode.c.objc; path = ISBookmarksTableViewController.m; sourceTree = "<group>"; };
		C415A30915CC9952004BCD79 /* ISLectorViewController.h */ = {isa = PBXFileReference; fileEncoding = 4; lastKnownFileType = sourcecode.c.h; path = ISLectorViewController.h; sourceTree = "<group>"; };
		C415A30A15CC9952004BCD79 /* ISLectorViewController.m */ = {isa = PBXFileReference; fileEncoding = 4; lastKnownFileType = sourcecode.c.objc; path = ISLectorViewController.m; sourceTree = "<group>"; };
		C423682615DEBBDF0066B1D7 /* Security.framework */ = {isa = PBXFileReference; lastKnownFileType = wrapper.framework; name = Security.framework; path = System/Library/Frameworks/Security.framework; sourceTree = SDKROOT; };
		C423682815DEBBE70066B1D7 /* MessageUI.framework */ = {isa = PBXFileReference; lastKnownFileType = wrapper.framework; name = MessageUI.framework; path = System/Library/Frameworks/MessageUI.framework; sourceTree = SDKROOT; };
		C423682A15DEBBEF0066B1D7 /* CFNetwork.framework */ = {isa = PBXFileReference; lastKnownFileType = wrapper.framework; name = CFNetwork.framework; path = System/Library/Frameworks/CFNetwork.framework; sourceTree = SDKROOT; };
		C423682C15DEBBF70066B1D7 /* CoreLocation.framework */ = {isa = PBXFileReference; lastKnownFileType = wrapper.framework; name = CoreLocation.framework; path = System/Library/Frameworks/CoreLocation.framework; sourceTree = SDKROOT; };
		C425DFCE16C00617002338E3 /* ReachabilityARC.h */ = {isa = PBXFileReference; lastKnownFileType = sourcecode.c.h; name = ReachabilityARC.h; path = Submodules/Reachability/ReachabilityARC.h; sourceTree = SOURCE_ROOT; };
		C425DFCF16C00617002338E3 /* ReachabilityARC.m */ = {isa = PBXFileReference; lastKnownFileType = sourcecode.c.objc; name = ReachabilityARC.m; path = Submodules/Reachability/ReachabilityARC.m; sourceTree = SOURCE_ROOT; };
		C42D425E15E3D9600042E708 /* QuartzCore.framework */ = {isa = PBXFileReference; lastKnownFileType = wrapper.framework; name = QuartzCore.framework; path = System/Library/Frameworks/QuartzCore.framework; sourceTree = SDKROOT; };
		C42D426015E3D9640042E708 /* MapKit.framework */ = {isa = PBXFileReference; lastKnownFileType = wrapper.framework; name = MapKit.framework; path = System/Library/Frameworks/MapKit.framework; sourceTree = SDKROOT; };
		C43AB40615E28A8F003813DF /* IRSOT_Seminars 3.xcdatamodel */ = {isa = PBXFileReference; lastKnownFileType = wrapper.xcdatamodel; path = "IRSOT_Seminars 3.xcdatamodel"; sourceTree = "<group>"; };
		C43AB41C15E2924E003813DF /* IRSOT Seminars.entitlements */ = {isa = PBXFileReference; lastKnownFileType = text.xml; path = "IRSOT Seminars.entitlements"; sourceTree = "<group>"; };
		C45BE28216E0E8DD007C2F02 /* Default.png */ = {isa = PBXFileReference; lastKnownFileType = image.png; name = Default.png; path = ../Default.png; sourceTree = "<group>"; };
		C45BE28416E0E8DF007C2F02 /* Default@2x.png */ = {isa = PBXFileReference; lastKnownFileType = image.png; name = "Default@2x.png"; path = "../Default@2x.png"; sourceTree = "<group>"; };
		C45BE28616E0E8F6007C2F02 /* Default-568h@2x.png */ = {isa = PBXFileReference; lastKnownFileType = image.png; name = "Default-568h@2x.png"; path = "../Default-568h@2x.png"; sourceTree = "<group>"; };
		C45BE28816E0E8FD007C2F02 /* Default-Portrait~ipad.png */ = {isa = PBXFileReference; lastKnownFileType = image.png; name = "Default-Portrait~ipad.png"; path = "../Default-Portrait~ipad.png"; sourceTree = "<group>"; };
		C45BE28A16E0E900007C2F02 /* Default-Portrait@2x~ipad.png */ = {isa = PBXFileReference; lastKnownFileType = image.png; name = "Default-Portrait@2x~ipad.png"; path = "../Default-Portrait@2x~ipad.png"; sourceTree = "<group>"; };
		C45BE28C16E0E903007C2F02 /* Default-Landscape~ipad.png */ = {isa = PBXFileReference; lastKnownFileType = image.png; name = "Default-Landscape~ipad.png"; path = "../Default-Landscape~ipad.png"; sourceTree = "<group>"; };
		C45BE28E16E0E904007C2F02 /* Default-Landscape@2x~ipad.png */ = {isa = PBXFileReference; lastKnownFileType = image.png; name = "Default-Landscape@2x~ipad.png"; path = "../Default-Landscape@2x~ipad.png"; sourceTree = "<group>"; };
		C45D3CEF16CD4E0200877F94 /* ISInfoDictionary.h */ = {isa = PBXFileReference; fileEncoding = 4; lastKnownFileType = sourcecode.c.h; name = ISInfoDictionary.h; path = Models/ISInfoDictionary.h; sourceTree = "<group>"; };
		C45D3CF016CD4E0200877F94 /* ISInfoDictionary.m */ = {isa = PBXFileReference; fileEncoding = 4; lastKnownFileType = sourcecode.c.objc; name = ISInfoDictionary.m; path = Models/ISInfoDictionary.m; sourceTree = "<group>"; };
		C45DA5EF16E72CC6002B295A /* IRSOT_Seminars 7.xcdatamodel */ = {isa = PBXFileReference; lastKnownFileType = wrapper.xcdatamodel; path = "IRSOT_Seminars 7.xcdatamodel"; sourceTree = "<group>"; };
		C462BDAA15C95A8700170E3C /* IRSOT Seminars.app */ = {isa = PBXFileReference; explicitFileType = wrapper.application; includeInIndex = 0; path = "IRSOT Seminars.app"; sourceTree = BUILT_PRODUCTS_DIR; };
		C462BDAE15C95A8700170E3C /* UIKit.framework */ = {isa = PBXFileReference; lastKnownFileType = wrapper.framework; name = UIKit.framework; path = System/Library/Frameworks/UIKit.framework; sourceTree = SDKROOT; };
		C462BDB015C95A8700170E3C /* Foundation.framework */ = {isa = PBXFileReference; lastKnownFileType = wrapper.framework; name = Foundation.framework; path = System/Library/Frameworks/Foundation.framework; sourceTree = SDKROOT; };
		C462BDB215C95A8700170E3C /* CoreGraphics.framework */ = {isa = PBXFileReference; lastKnownFileType = wrapper.framework; name = CoreGraphics.framework; path = System/Library/Frameworks/CoreGraphics.framework; sourceTree = SDKROOT; };
		C462BDB415C95A8700170E3C /* CoreData.framework */ = {isa = PBXFileReference; lastKnownFileType = wrapper.framework; name = CoreData.framework; path = System/Library/Frameworks/CoreData.framework; sourceTree = SDKROOT; };
		C462BDB815C95A8700170E3C /* IRSOT Seminars-Info.plist */ = {isa = PBXFileReference; lastKnownFileType = text.plist.xml; path = "IRSOT Seminars-Info.plist"; sourceTree = "<group>"; };
		C462BDBA15C95A8700170E3C /* en */ = {isa = PBXFileReference; lastKnownFileType = text.plist.strings; name = en; path = en.lproj/InfoPlist.strings; sourceTree = "<group>"; };
		C462BDBC15C95A8700170E3C /* main.m */ = {isa = PBXFileReference; lastKnownFileType = sourcecode.c.objc; path = main.m; sourceTree = "<group>"; };
		C462BDBE15C95A8700170E3C /* IRSOT Seminars-Prefix.pch */ = {isa = PBXFileReference; lastKnownFileType = sourcecode.c.h; path = "IRSOT Seminars-Prefix.pch"; sourceTree = "<group>"; };
		C462BDBF15C95A8700170E3C /* ISAppDelegate.h */ = {isa = PBXFileReference; lastKnownFileType = sourcecode.c.h; path = ISAppDelegate.h; sourceTree = "<group>"; };
		C462BDC015C95A8700170E3C /* ISAppDelegate.m */ = {isa = PBXFileReference; lastKnownFileType = sourcecode.c.objc; path = ISAppDelegate.m; sourceTree = "<group>"; };
		C462BDC915C95A8700170E3C /* IRSOT_Seminars.xcdatamodel */ = {isa = PBXFileReference; lastKnownFileType = wrapper.xcdatamodel; path = IRSOT_Seminars.xcdatamodel; sourceTree = "<group>"; };
		C462BDD915C95B7300170E3C /* ISMainPageViewController.h */ = {isa = PBXFileReference; fileEncoding = 4; lastKnownFileType = sourcecode.c.h; path = ISMainPageViewController.h; sourceTree = "<group>"; };
		C462BDDA15C95B7300170E3C /* ISMainPageViewController.m */ = {isa = PBXFileReference; fileEncoding = 4; lastKnownFileType = sourcecode.c.objc; path = ISMainPageViewController.m; sourceTree = "<group>"; };
		C465875B15F8FFDD00AA2B6B /* IRSOT_Seminars 5.xcdatamodel */ = {isa = PBXFileReference; lastKnownFileType = wrapper.xcdatamodel; path = "IRSOT_Seminars 5.xcdatamodel"; sourceTree = "<group>"; };
		C46A618115DD2E2D0093C39E /* SystemConfiguration.framework */ = {isa = PBXFileReference; lastKnownFileType = wrapper.framework; name = SystemConfiguration.framework; path = System/Library/Frameworks/SystemConfiguration.framework; sourceTree = SDKROOT; };
		C46DED3616D257FA008DAC47 /* EventKit.framework */ = {isa = PBXFileReference; lastKnownFileType = wrapper.framework; name = EventKit.framework; path = System/Library/Frameworks/EventKit.framework; sourceTree = SDKROOT; };
		C46DED8016D26813008DAC47 /* ISAlertTimesTableViewController.h */ = {isa = PBXFileReference; fileEncoding = 4; lastKnownFileType = sourcecode.c.h; path = ISAlertTimesTableViewController.h; sourceTree = "<group>"; };
		C46DED8116D26813008DAC47 /* ISAlertTimesTableViewController.m */ = {isa = PBXFileReference; fileEncoding = 4; lastKnownFileType = sourcecode.c.objc; path = ISAlertTimesTableViewController.m; sourceTree = "<group>"; };
		C46DED8316D28828008DAC47 /* ISAlertTimes.h */ = {isa = PBXFileReference; fileEncoding = 4; lastKnownFileType = sourcecode.c.h; name = ISAlertTimes.h; path = Models/ISAlertTimes.h; sourceTree = "<group>"; };
		C46DED8416D28828008DAC47 /* ISAlertTimes.m */ = {isa = PBXFileReference; fileEncoding = 4; lastKnownFileType = sourcecode.c.objc; name = ISAlertTimes.m; path = Models/ISAlertTimes.m; sourceTree = "<group>"; };
		C4786CA316DE023C007A9B4A /* CoreImage.framework */ = {isa = PBXFileReference; lastKnownFileType = wrapper.framework; name = CoreImage.framework; path = System/Library/Frameworks/CoreImage.framework; sourceTree = SDKROOT; };
		C481E96519DD78A400356E79 /* ISActivityProvider.h */ = {isa = PBXFileReference; fileEncoding = 4; lastKnownFileType = sourcecode.c.h; path = ISActivityProvider.h; sourceTree = "<group>"; };
		C481E96619DD78A400356E79 /* ISActivityProvider.m */ = {isa = PBXFileReference; fileEncoding = 4; lastKnownFileType = sourcecode.c.objc; path = ISActivityProvider.m; sourceTree = "<group>"; };
		C483E40A15D2ADD1001A41FB /* ISLectorListTableViewController.h */ = {isa = PBXFileReference; fileEncoding = 4; lastKnownFileType = sourcecode.c.h; path = ISLectorListTableViewController.h; sourceTree = "<group>"; };
		C483E40B15D2ADD1001A41FB /* ISLectorListTableViewController.m */ = {isa = PBXFileReference; fileEncoding = 4; lastKnownFileType = sourcecode.c.objc; path = ISLectorListTableViewController.m; sourceTree = "<group>"; };
		C483E40D15D2C393001A41FB /* Helper.h */ = {isa = PBXFileReference; fileEncoding = 4; lastKnownFileType = sourcecode.c.h; path = Helper.h; sourceTree = "<group>"; };
		C483E40E15D2C393001A41FB /* Helper.m */ = {isa = PBXFileReference; fileEncoding = 4; lastKnownFileType = sourcecode.c.objc; path = Helper.m; sourceTree = "<group>"; };
		C4871E1915E3CFB60003F0D5 /* ru */ = {isa = PBXFileReference; lastKnownFileType = text.plist.strings; name = ru; path = ru.lproj/InfoPlist.strings; sourceTree = "<group>"; };
		C48F972015CC663400F4AA51 /* ISSeminarViewController.h */ = {isa = PBXFileReference; fileEncoding = 4; lastKnownFileType = sourcecode.c.h; path = ISSeminarViewController.h; sourceTree = "<group>"; };
		C48F972115CC663400F4AA51 /* ISSeminarViewController.m */ = {isa = PBXFileReference; fileEncoding = 4; lastKnownFileType = sourcecode.c.objc; path = ISSeminarViewController.m; sourceTree = "<group>"; };
		C498521A1A01329100957B63 /* IRSOT_Seminars 8.xcdatamodel */ = {isa = PBXFileReference; lastKnownFileType = wrapper.xcdatamodel; path = "IRSOT_Seminars 8.xcdatamodel"; sourceTree = "<group>"; };
		C49852211A01336800957B63 /* Info+Load_data.h */ = {isa = PBXFileReference; fileEncoding = 4; lastKnownFileType = sourcecode.c.h; name = "Info+Load_data.h"; path = "Models/Info+Load_data.h"; sourceTree = "<group>"; };
		C49852221A01336800957B63 /* Info+Load_data.m */ = {isa = PBXFileReference; fileEncoding = 4; lastKnownFileType = sourcecode.c.objc; name = "Info+Load_data.m"; path = "Models/Info+Load_data.m"; sourceTree = "<group>"; };
		C49852241A01346900957B63 /* Info.h */ = {isa = PBXFileReference; fileEncoding = 4; lastKnownFileType = sourcecode.c.h; name = Info.h; path = Models/Info.h; sourceTree = "<group>"; };
		C49852251A01346900957B63 /* Info.m */ = {isa = PBXFileReference; fileEncoding = 4; lastKnownFileType = sourcecode.c.objc; name = Info.m; path = Models/Info.m; sourceTree = "<group>"; };
		C4AE0A6D16DBA2DE00EF3C5C /* IRSOT_Seminars 6.xcdatamodel */ = {isa = PBXFileReference; lastKnownFileType = wrapper.xcdatamodel; path = "IRSOT_Seminars 6.xcdatamodel"; sourceTree = "<group>"; };
		C4B7563616D24D5300C23950 /* en */ = {isa = PBXFileReference; lastKnownFileType = text.plist.strings; name = en; path = en.lproj/Localizable.strings; sourceTree = "<group>"; };
		C4B7563816D24D5600C23950 /* ru */ = {isa = PBXFileReference; lastKnownFileType = text.plist.strings; name = ru; path = ru.lproj/Localizable.strings; sourceTree = "<group>"; };
		C4C66E1D1674F49B00B0885F /* libsqlite3.dylib */ = {isa = PBXFileReference; lastKnownFileType = "compiled.mach-o.dylib"; name = libsqlite3.dylib; path = usr/lib/libsqlite3.dylib; sourceTree = SDKROOT; };
		C4C66E231674F54700B0885F /* Accounts.framework */ = {isa = PBXFileReference; lastKnownFileType = wrapper.framework; name = Accounts.framework; path = System/Library/Frameworks/Accounts.framework; sourceTree = SDKROOT; };
		C4C6DD1715E0274E003292C8 /* IRSOT_Seminars 2.xcdatamodel */ = {isa = PBXFileReference; lastKnownFileType = wrapper.xcdatamodel; path = "IRSOT_Seminars 2.xcdatamodel"; sourceTree = "<group>"; };
		C4D42D9019D72DE5003D51CD /* Images.xcassets */ = {isa = PBXFileReference; lastKnownFileType = folder.assetcatalog; path = Images.xcassets; sourceTree = "<group>"; };
		C4D42D9219D72EDC003D51CD /* AllEvents.h */ = {isa = PBXFileReference; fileEncoding = 4; lastKnownFileType = sourcecode.c.h; name = AllEvents.h; path = Models/AllEvents.h; sourceTree = "<group>"; };
		C4D42D9319D72EDC003D51CD /* AllEvents.m */ = {isa = PBXFileReference; fileEncoding = 4; lastKnownFileType = sourcecode.c.objc; name = AllEvents.m; path = Models/AllEvents.m; sourceTree = "<group>"; };
		C4D42D9419D72EDC003D51CD /* AllEvents+Load_Data.h */ = {isa = PBXFileReference; fileEncoding = 4; lastKnownFileType = sourcecode.c.h; name = "AllEvents+Load_Data.h"; path = "Models/AllEvents+Load_Data.h"; sourceTree = "<group>"; };
		C4D42D9519D72EDC003D51CD /* AllEvents+Load_Data.m */ = {isa = PBXFileReference; fileEncoding = 4; lastKnownFileType = sourcecode.c.objc; name = "AllEvents+Load_Data.m"; path = "Models/AllEvents+Load_Data.m"; sourceTree = "<group>"; };
		C4D42D9A19D72EDC003D51CD /* Lector.h */ = {isa = PBXFileReference; fileEncoding = 4; lastKnownFileType = sourcecode.c.h; name = Lector.h; path = Models/Lector.h; sourceTree = "<group>"; };
		C4D42D9B19D72EDC003D51CD /* Lector.m */ = {isa = PBXFileReference; fileEncoding = 4; lastKnownFileType = sourcecode.c.objc; name = Lector.m; path = Models/Lector.m; sourceTree = "<group>"; };
		C4D42D9C19D72EDC003D51CD /* Lector+Load_Data.h */ = {isa = PBXFileReference; fileEncoding = 4; lastKnownFileType = sourcecode.c.h; name = "Lector+Load_Data.h"; path = "Models/Lector+Load_Data.h"; sourceTree = "<group>"; };
		C4D42D9D19D72EDC003D51CD /* Lector+Load_Data.m */ = {isa = PBXFileReference; fileEncoding = 4; lastKnownFileType = sourcecode.c.objc; name = "Lector+Load_Data.m"; path = "Models/Lector+Load_Data.m"; sourceTree = "<group>"; };
		C4D42D9E19D72EDC003D51CD /* Section.h */ = {isa = PBXFileReference; fileEncoding = 4; lastKnownFileType = sourcecode.c.h; name = Section.h; path = Models/Section.h; sourceTree = "<group>"; };
		C4D42D9F19D72EDC003D51CD /* Section.m */ = {isa = PBXFileReference; fileEncoding = 4; lastKnownFileType = sourcecode.c.objc; name = Section.m; path = Models/Section.m; sourceTree = "<group>"; };
		C4D42DA019D72EDC003D51CD /* Section+Load_Data.h */ = {isa = PBXFileReference; fileEncoding = 4; lastKnownFileType = sourcecode.c.h; name = "Section+Load_Data.h"; path = "Models/Section+Load_Data.h"; sourceTree = "<group>"; };
		C4D42DA119D72EDC003D51CD /* Section+Load_Data.m */ = {isa = PBXFileReference; fileEncoding = 4; lastKnownFileType = sourcecode.c.objc; name = "Section+Load_Data.m"; path = "Models/Section+Load_Data.m"; sourceTree = "<group>"; };
		C4D42DA219D72EDC003D51CD /* Sections.h */ = {isa = PBXFileReference; fileEncoding = 4; lastKnownFileType = sourcecode.c.h; name = Sections.h; path = Models/Sections.h; sourceTree = "<group>"; };
		C4D42DA319D72EDC003D51CD /* Sections.m */ = {isa = PBXFileReference; fileEncoding = 4; lastKnownFileType = sourcecode.c.objc; name = Sections.m; path = Models/Sections.m; sourceTree = "<group>"; };
		C4D42DA419D72EDC003D51CD /* Seminar.h */ = {isa = PBXFileReference; fileEncoding = 4; lastKnownFileType = sourcecode.c.h; name = Seminar.h; path = Models/Seminar.h; sourceTree = "<group>"; };
		C4D42DA519D72EDC003D51CD /* Seminar.m */ = {isa = PBXFileReference; fileEncoding = 4; lastKnownFileType = sourcecode.c.objc; name = Seminar.m; path = Models/Seminar.m; sourceTree = "<group>"; };
		C4D42DA619D72EDC003D51CD /* Seminar+Load_Data.h */ = {isa = PBXFileReference; fileEncoding = 4; lastKnownFileType = sourcecode.c.h; name = "Seminar+Load_Data.h"; path = "Models/Seminar+Load_Data.h"; sourceTree = "<group>"; };
		C4D42DA719D72EDC003D51CD /* Seminar+Load_Data.m */ = {isa = PBXFileReference; fileEncoding = 4; lastKnownFileType = sourcecode.c.objc; name = "Seminar+Load_Data.m"; path = "Models/Seminar+Load_Data.m"; sourceTree = "<group>"; };
		C4D42DA819D72EDC003D51CD /* Term.h */ = {isa = PBXFileReference; fileEncoding = 4; lastKnownFileType = sourcecode.c.h; name = Term.h; path = Models/Term.h; sourceTree = "<group>"; };
		C4D42DA919D72EDC003D51CD /* Term.m */ = {isa = PBXFileReference; fileEncoding = 4; lastKnownFileType = sourcecode.c.objc; name = Term.m; path = Models/Term.m; sourceTree = "<group>"; };
		C4D42DAA19D72EDC003D51CD /* Type.h */ = {isa = PBXFileReference; fileEncoding = 4; lastKnownFileType = sourcecode.c.h; name = Type.h; path = Models/Type.h; sourceTree = "<group>"; };
		C4D42DAB19D72EDC003D51CD /* Type.m */ = {isa = PBXFileReference; fileEncoding = 4; lastKnownFileType = sourcecode.c.objc; name = Type.m; path = Models/Type.m; sourceTree = "<group>"; };
		C4D42DAC19D72EDC003D51CD /* Type+Load_Data.h */ = {isa = PBXFileReference; fileEncoding = 4; lastKnownFileType = sourcecode.c.h; name = "Type+Load_Data.h"; path = "Models/Type+Load_Data.h"; sourceTree = "<group>"; };
		C4D42DAD19D72EDC003D51CD /* Type+Load_Data.m */ = {isa = PBXFileReference; fileEncoding = 4; lastKnownFileType = sourcecode.c.objc; name = "Type+Load_Data.m"; path = "Models/Type+Load_Data.m"; sourceTree = "<group>"; };
		C4D42DC419D731FB003D51CD /* ISTheme.h */ = {isa = PBXFileReference; fileEncoding = 4; lastKnownFileType = sourcecode.c.h; path = ISTheme.h; sourceTree = "<group>"; };
		C4D42DC519D731FB003D51CD /* ISTheme.m */ = {isa = PBXFileReference; fileEncoding = 4; lastKnownFileType = sourcecode.c.objc; path = ISTheme.m; sourceTree = "<group>"; };
		C4D7CEF315D3F1A60003F90C /* ISNewsWebviewControllerViewController.h */ = {isa = PBXFileReference; fileEncoding = 4; lastKnownFileType = sourcecode.c.h; path = ISNewsWebviewControllerViewController.h; sourceTree = "<group>"; };
		C4D7CEF415D3F1A60003F90C /* ISNewsWebviewControllerViewController.m */ = {isa = PBXFileReference; fileEncoding = 4; lastKnownFileType = sourcecode.c.objc; path = ISNewsWebviewControllerViewController.m; sourceTree = "<group>"; };
		C4DE787E15C95C02007FBEC4 /* ISInfoTableViewController.h */ = {isa = PBXFileReference; fileEncoding = 4; lastKnownFileType = sourcecode.c.h; path = ISInfoTableViewController.h; sourceTree = "<group>"; };
		C4DE787F15C95C02007FBEC4 /* ISInfoTableViewController.m */ = {isa = PBXFileReference; fileEncoding = 4; lastKnownFileType = sourcecode.c.objc; path = ISInfoTableViewController.m; sourceTree = "<group>"; };
		C4DE788215C95C42007FBEC4 /* ISWebviewViewController.h */ = {isa = PBXFileReference; fileEncoding = 4; lastKnownFileType = sourcecode.c.h; path = ISWebviewViewController.h; sourceTree = "<group>"; };
		C4DE788315C95C42007FBEC4 /* ISWebviewViewController.m */ = {isa = PBXFileReference; fileEncoding = 4; lastKnownFileType = sourcecode.c.objc; path = ISWebviewViewController.m; sourceTree = "<group>"; };
		C4DE788515C95C96007FBEC4 /* ISSettingsViewController.h */ = {isa = PBXFileReference; fileEncoding = 4; lastKnownFileType = sourcecode.c.h; path = ISSettingsViewController.h; sourceTree = "<group>"; };
		C4DE788615C95C96007FBEC4 /* ISSettingsViewController.m */ = {isa = PBXFileReference; fileEncoding = 4; lastKnownFileType = sourcecode.c.objc; path = ISSettingsViewController.m; sourceTree = "<group>"; };
		C4DE788815C95D26007FBEC4 /* ISSeminarListTableViewController.h */ = {isa = PBXFileReference; fileEncoding = 4; lastKnownFileType = sourcecode.c.h; path = ISSeminarListTableViewController.h; sourceTree = "<group>"; };
		C4DE788915C95D26007FBEC4 /* ISSeminarListTableViewController.m */ = {isa = PBXFileReference; fileEncoding = 4; lastKnownFileType = sourcecode.c.objc; path = ISSeminarListTableViewController.m; sourceTree = "<group>"; };
		C4DE788E15C95E34007FBEC4 /* Info Links.plist */ = {isa = PBXFileReference; fileEncoding = 4; lastKnownFileType = text.plist.xml; path = "Info Links.plist"; sourceTree = "<group>"; };
		C4DE789015C96EF3007FBEC4 /* SeminarFetcher.h */ = {isa = PBXFileReference; fileEncoding = 4; lastKnownFileType = sourcecode.c.h; path = SeminarFetcher.h; sourceTree = "<group>"; };
		C4DE789115C96EF3007FBEC4 /* SeminarFetcher.m */ = {isa = PBXFileReference; fileEncoding = 4; lastKnownFileType = sourcecode.c.objc; path = SeminarFetcher.m; sourceTree = "<group>"; };
		C4F9EEA315ECF8E3008BA56D /* IRSOT_Seminars 4.xcdatamodel */ = {isa = PBXFileReference; lastKnownFileType = wrapper.xcdatamodel; path = "IRSOT_Seminars 4.xcdatamodel"; sourceTree = "<group>"; };
/* End PBXFileReference section */

/* Begin PBXFrameworksBuildPhase section */
		C462BDA715C95A8700170E3C /* Frameworks */ = {
			isa = PBXFrameworksBuildPhase;
			buildActionMask = 2147483647;
			files = (
				C46DED3716D257FA008DAC47 /* EventKit.framework in Frameworks */,
				C4C66E241674F54700B0885F /* Accounts.framework in Frameworks */,
				C4C66E1E1674F49B00B0885F /* libsqlite3.dylib in Frameworks */,
				C42D426115E3D9650042E708 /* MapKit.framework in Frameworks */,
				C42D425F15E3D9600042E708 /* QuartzCore.framework in Frameworks */,
				C46A618215DD2E2D0093C39E /* SystemConfiguration.framework in Frameworks */,
				C462BDAF15C95A8700170E3C /* UIKit.framework in Frameworks */,
				C462BDB115C95A8700170E3C /* Foundation.framework in Frameworks */,
				C462BDB315C95A8700170E3C /* CoreGraphics.framework in Frameworks */,
				C462BDB515C95A8700170E3C /* CoreData.framework in Frameworks */,
				C423682D15DEBBF70066B1D7 /* CoreLocation.framework in Frameworks */,
				C4786CA416DE023C007A9B4A /* CoreImage.framework in Frameworks */,
				C423682B15DEBBEF0066B1D7 /* CFNetwork.framework in Frameworks */,
				C423682915DEBBE70066B1D7 /* MessageUI.framework in Frameworks */,
				C423682715DEBBDF0066B1D7 /* Security.framework in Frameworks */,
			);
			runOnlyForDeploymentPostprocessing = 0;
		};
/* End PBXFrameworksBuildPhase section */

/* Begin PBXGroup section */
		C40D8F1E15CBEA350048ABF4 /* Contrib */ = {
			isa = PBXGroup;
			children = (
				C425DFD416C00853002338E3 /* SVProgressHUD */,
				C425DFCE16C00617002338E3 /* ReachabilityARC.h */,
				C425DFCF16C00617002338E3 /* ReachabilityARC.m */,
			);
			name = Contrib;
			sourceTree = "<group>";
		};
		C415A30415CC95B0004BCD79 /* Bookmarks */ = {
			isa = PBXGroup;
			children = (
				C415A30015CC95A0004BCD79 /* ISBookmarksTableViewController.h */,
				C415A30115CC95A0004BCD79 /* ISBookmarksTableViewController.m */,
			);
			name = Bookmarks;
			sourceTree = "<group>";
		};
		C415A30C15CC996A004BCD79 /* Lector Views */ = {
			isa = PBXGroup;
			children = (
				C483E40A15D2ADD1001A41FB /* ISLectorListTableViewController.h */,
				C483E40B15D2ADD1001A41FB /* ISLectorListTableViewController.m */,
				C415A30915CC9952004BCD79 /* ISLectorViewController.h */,
				C415A30A15CC9952004BCD79 /* ISLectorViewController.m */,
			);
			name = "Lector Views";
			sourceTree = "<group>";
		};
		C41B5C7C15F4EC780079D940 /* Share */ = {
			isa = PBXGroup;
			children = (
			);
			name = Share;
			sourceTree = "<group>";
		};
		C425DFD416C00853002338E3 /* SVProgressHUD */ = {
			isa = PBXGroup;
			children = (
				C402E17D19D8AD130040E359 /* SVProgressHUD-Prefix.pch */,
				C402E17E19D8AD130040E359 /* SVProgressHUD.bundle */,
				C402E17F19D8AD130040E359 /* SVProgressHUD.h */,
				C402E18019D8AD130040E359 /* SVProgressHUD.m */,
			);
			name = SVProgressHUD;
			path = ../Submodules/SVProgressHUD/SVProgressHUD;
			sourceTree = "<group>";
		};
		C42B777A15D02CE500835E9F /* Helpers */ = {
			isa = PBXGroup;
			children = (
				C4DE789015C96EF3007FBEC4 /* SeminarFetcher.h */,
				C4DE789115C96EF3007FBEC4 /* SeminarFetcher.m */,
				C483E40D15D2C393001A41FB /* Helper.h */,
				C483E40E15D2C393001A41FB /* Helper.m */,
			);
			name = Helpers;
			sourceTree = "<group>";
		};
		C45C864215F61C5900108749 /* Resources */ = {
			isa = PBXGroup;
			children = (
				C45BE28E16E0E904007C2F02 /* Default-Landscape@2x~ipad.png */,
				C45BE28C16E0E903007C2F02 /* Default-Landscape~ipad.png */,
				C45BE28A16E0E900007C2F02 /* Default-Portrait@2x~ipad.png */,
				C45BE28816E0E8FD007C2F02 /* Default-Portrait~ipad.png */,
				C45BE28616E0E8F6007C2F02 /* Default-568h@2x.png */,
				C45BE28416E0E8DF007C2F02 /* Default@2x.png */,
				C45BE28216E0E8DD007C2F02 /* Default.png */,
				C45E6C8B16CD30170024EC39 /* Buttons */,
			);
			name = Resources;
			sourceTree = "<group>";
		};
		C45D3CED16CD4D9700877F94 /* WebView */ = {
			isa = PBXGroup;
			children = (
				C4DE788215C95C42007FBEC4 /* ISWebviewViewController.h */,
				C4DE788315C95C42007FBEC4 /* ISWebviewViewController.m */,
			);
			name = WebView;
			sourceTree = "<group>";
		};
		C45D3CEE16CD4DC400877F94 /* Models */ = {
			isa = PBXGroup;
			children = (
				C49852241A01346900957B63 /* Info.h */,
				C49852251A01346900957B63 /* Info.m */,
				C49852211A01336800957B63 /* Info+Load_data.h */,
				C49852221A01336800957B63 /* Info+Load_data.m */,
				C4D42D9219D72EDC003D51CD /* AllEvents.h */,
				C4D42D9319D72EDC003D51CD /* AllEvents.m */,
				C4D42D9419D72EDC003D51CD /* AllEvents+Load_Data.h */,
				C4D42D9519D72EDC003D51CD /* AllEvents+Load_Data.m */,
				C4D42D9A19D72EDC003D51CD /* Lector.h */,
				C4D42D9B19D72EDC003D51CD /* Lector.m */,
				C4D42D9C19D72EDC003D51CD /* Lector+Load_Data.h */,
				C4D42D9D19D72EDC003D51CD /* Lector+Load_Data.m */,
				C4D42D9E19D72EDC003D51CD /* Section.h */,
				C4D42D9F19D72EDC003D51CD /* Section.m */,
				C4D42DA019D72EDC003D51CD /* Section+Load_Data.h */,
				C4D42DA119D72EDC003D51CD /* Section+Load_Data.m */,
				C4D42DA219D72EDC003D51CD /* Sections.h */,
				C4D42DA319D72EDC003D51CD /* Sections.m */,
				C4D42DA419D72EDC003D51CD /* Seminar.h */,
				C4D42DA519D72EDC003D51CD /* Seminar.m */,
				C4D42DA619D72EDC003D51CD /* Seminar+Load_Data.h */,
				C4D42DA719D72EDC003D51CD /* Seminar+Load_Data.m */,
				C4D42DA819D72EDC003D51CD /* Term.h */,
				C4D42DA919D72EDC003D51CD /* Term.m */,
				C4D42DAA19D72EDC003D51CD /* Type.h */,
				C4D42DAB19D72EDC003D51CD /* Type.m */,
				C4D42DAC19D72EDC003D51CD /* Type+Load_Data.h */,
				C4D42DAD19D72EDC003D51CD /* Type+Load_Data.m */,
				C45D3CEF16CD4E0200877F94 /* ISInfoDictionary.h */,
				C45D3CF016CD4E0200877F94 /* ISInfoDictionary.m */,
				C46DED8316D28828008DAC47 /* ISAlertTimes.h */,
				C46DED8416D28828008DAC47 /* ISAlertTimes.m */,
			);
			name = Models;
			sourceTree = "<group>";
		};
		C45E6C8B16CD30170024EC39 /* Buttons */ = {
			isa = PBXGroup;
			children = (
			);
			name = Buttons;
			sourceTree = "<group>";
		};
		C45E6C9016CD34820024EC39 /* Theme */ = {
			isa = PBXGroup;
			children = (
				C4D42DC419D731FB003D51CD /* ISTheme.h */,
				C4D42DC519D731FB003D51CD /* ISTheme.m */,
			);
			path = Theme;
			sourceTree = "<group>";
		};
		C462BD9F15C95A8700170E3C = {
			isa = PBXGroup;
			children = (
				C462BDB615C95A8700170E3C /* IRSOT Seminars */,
				C462BDAD15C95A8700170E3C /* Frameworks */,
				C462BDAB15C95A8700170E3C /* Products */,
			);
			sourceTree = "<group>";
		};
		C462BDAB15C95A8700170E3C /* Products */ = {
			isa = PBXGroup;
			children = (
				C462BDAA15C95A8700170E3C /* IRSOT Seminars.app */,
			);
			name = Products;
			sourceTree = "<group>";
		};
		C462BDAD15C95A8700170E3C /* Frameworks */ = {
			isa = PBXGroup;
			children = (
				C46DED3616D257FA008DAC47 /* EventKit.framework */,
				C423682C15DEBBF70066B1D7 /* CoreLocation.framework */,
				C4786CA316DE023C007A9B4A /* CoreImage.framework */,
				C462BDB215C95A8700170E3C /* CoreGraphics.framework */,
				C462BDB415C95A8700170E3C /* CoreData.framework */,
				C423682A15DEBBEF0066B1D7 /* CFNetwork.framework */,
				C423682815DEBBE70066B1D7 /* MessageUI.framework */,
				C423682615DEBBDF0066B1D7 /* Security.framework */,
				C46A618115DD2E2D0093C39E /* SystemConfiguration.framework */,
				C462BDAE15C95A8700170E3C /* UIKit.framework */,
				C462BDB015C95A8700170E3C /* Foundation.framework */,
				C42D426015E3D9640042E708 /* MapKit.framework */,
				C42D425E15E3D9600042E708 /* QuartzCore.framework */,
				C4C66E231674F54700B0885F /* Accounts.framework */,
				C4C66E1D1674F49B00B0885F /* libsqlite3.dylib */,
			);
			name = Frameworks;
			sourceTree = "<group>";
		};
		C462BDB615C95A8700170E3C /* IRSOT Seminars */ = {
			isa = PBXGroup;
			children = (
				C462BDBF15C95A8700170E3C /* ISAppDelegate.h */,
				C462BDC015C95A8700170E3C /* ISAppDelegate.m */,
				C462BDC815C95A8700170E3C /* IRSOT_Seminars.xcdatamodeld */,
				C43AB41C15E2924E003813DF /* IRSOT Seminars.entitlements */,
				C40D8F1E15CBEA350048ABF4 /* Contrib */,
				C462BDC215C95A8700170E3C /* MainStoryboard_iPhone.storyboard */,
				C462BDC515C95A8700170E3C /* MainStoryboard_iPad.storyboard */,
				C42B777A15D02CE500835E9F /* Helpers */,
				C45D3CEE16CD4DC400877F94 /* Models */,
				C4DE788B15C95DC1007FBEC4 /* Main Views */,
				C45D3CED16CD4D9700877F94 /* WebView */,
				C41B5C7C15F4EC780079D940 /* Share */,
				C45E6C9016CD34820024EC39 /* Theme */,
				C4D42D9019D72DE5003D51CD /* Images.xcassets */,
				C462BDB715C95A8700170E3C /* Supporting Files */,
			);
			path = "IRSOT Seminars";
			sourceTree = "<group>";
		};
		C462BDB715C95A8700170E3C /* Supporting Files */ = {
			isa = PBXGroup;
			children = (
				C4B7563716D24D5300C23950 /* Localizable.strings */,
				C45C864215F61C5900108749 /* Resources */,
				C4DE788E15C95E34007FBEC4 /* Info Links.plist */,
				C462BDB815C95A8700170E3C /* IRSOT Seminars-Info.plist */,
				C462BDB915C95A8700170E3C /* InfoPlist.strings */,
				C462BDBC15C95A8700170E3C /* main.m */,
				C462BDBE15C95A8700170E3C /* IRSOT Seminars-Prefix.pch */,
			);
			name = "Supporting Files";
			sourceTree = "<group>";
		};
		C46DED7E16D26759008DAC47 /* Seminar Views */ = {
			isa = PBXGroup;
			children = (
				C462BDD915C95B7300170E3C /* ISMainPageViewController.h */,
				C462BDDA15C95B7300170E3C /* ISMainPageViewController.m */,
				C4DE788815C95D26007FBEC4 /* ISSeminarListTableViewController.h */,
				C4DE788915C95D26007FBEC4 /* ISSeminarListTableViewController.m */,
				C48F972015CC663400F4AA51 /* ISSeminarViewController.h */,
				C48F972115CC663400F4AA51 /* ISSeminarViewController.m */,
				C481E96519DD78A400356E79 /* ISActivityProvider.h */,
				C481E96619DD78A400356E79 /* ISActivityProvider.m */,
			);
			name = "Seminar Views";
			sourceTree = "<group>";
		};
		C46DED7F16D26772008DAC47 /* Settings Views */ = {
			isa = PBXGroup;
			children = (
				C4DE788515C95C96007FBEC4 /* ISSettingsViewController.h */,
				C4DE788615C95C96007FBEC4 /* ISSettingsViewController.m */,
				C46DED8016D26813008DAC47 /* ISAlertTimesTableViewController.h */,
				C46DED8116D26813008DAC47 /* ISAlertTimesTableViewController.m */,
			);
			name = "Settings Views";
			sourceTree = "<group>";
		};
		C4D39D2B16D528D600078A20 /* News */ = {
			isa = PBXGroup;
			children = (
				C4D7CEF315D3F1A60003F90C /* ISNewsWebviewControllerViewController.h */,
				C4D7CEF415D3F1A60003F90C /* ISNewsWebviewControllerViewController.m */,
			);
			name = News;
			sourceTree = "<group>";
		};
		C4DE788B15C95DC1007FBEC4 /* Main Views */ = {
			isa = PBXGroup;
			children = (
				C46DED7E16D26759008DAC47 /* Seminar Views */,
				C46DED7F16D26772008DAC47 /* Settings Views */,
				C415A30C15CC996A004BCD79 /* Lector Views */,
				C415A30415CC95B0004BCD79 /* Bookmarks */,
				C4DE788C15C95DCA007FBEC4 /* Info */,
				C4D39D2B16D528D600078A20 /* News */,
			);
			name = "Main Views";
			sourceTree = "<group>";
		};
		C4DE788C15C95DCA007FBEC4 /* Info */ = {
			isa = PBXGroup;
			children = (
				C4DE787E15C95C02007FBEC4 /* ISInfoTableViewController.h */,
				C4DE787F15C95C02007FBEC4 /* ISInfoTableViewController.m */,
			);
			name = Info;
			sourceTree = "<group>";
		};
/* End PBXGroup section */

/* Begin PBXNativeTarget section */
		C462BDA915C95A8700170E3C /* IRSOT Seminars */ = {
			isa = PBXNativeTarget;
			buildConfigurationList = C462BDD315C95A8700170E3C /* Build configuration list for PBXNativeTarget "IRSOT Seminars" */;
			buildPhases = (
				C462BDA615C95A8700170E3C /* Sources */,
				C462BDA715C95A8700170E3C /* Frameworks */,
				C462BDA815C95A8700170E3C /* Resources */,
			);
			buildRules = (
			);
			dependencies = (
			);
			name = "IRSOT Seminars";
			productName = "IRSOT Seminars";
			productReference = C462BDAA15C95A8700170E3C /* IRSOT Seminars.app */;
			productType = "com.apple.product-type.application";
		};
/* End PBXNativeTarget section */

/* Begin PBXProject section */
		C462BDA115C95A8700170E3C /* Project object */ = {
			isa = PBXProject;
			attributes = {
				CLASSPREFIX = IS;
				LastUpgradeCheck = 0610;
				ORGANIZATIONNAME = IRSOT;
				TargetAttributes = {
					C462BDA915C95A8700170E3C = {
						DevelopmentTeam = 3FUFQ8X9FW;
					};
				};
			};
			buildConfigurationList = C462BDA415C95A8700170E3C /* Build configuration list for PBXProject "IRSOT Seminars" */;
			compatibilityVersion = "Xcode 3.2";
			developmentRegion = English;
			hasScannedForEncodings = 0;
			knownRegions = (
				en,
				Base,
				ru,
			);
			mainGroup = C462BD9F15C95A8700170E3C;
			productRefGroup = C462BDAB15C95A8700170E3C /* Products */;
			projectDirPath = "";
			projectRoot = "";
			targets = (
				C462BDA915C95A8700170E3C /* IRSOT Seminars */,
			);
		};
/* End PBXProject section */

/* Begin PBXResourcesBuildPhase section */
		C462BDA815C95A8700170E3C /* Resources */ = {
			isa = PBXResourcesBuildPhase;
			buildActionMask = 2147483647;
			files = (
				C462BDBB15C95A8700170E3C /* InfoPlist.strings in Resources */,
				C462BDC415C95A8700170E3C /* MainStoryboard_iPhone.storyboard in Resources */,
				C462BDC715C95A8700170E3C /* MainStoryboard_iPad.storyboard in Resources */,
				C4DE788F15C95E34007FBEC4 /* Info Links.plist in Resources */,
				C4D42D9119D72DE5003D51CD /* Images.xcassets in Resources */,
				C4B7563516D24D5300C23950 /* Localizable.strings in Resources */,
				C45BE28316E0E8DD007C2F02 /* Default.png in Resources */,
				C402E18119D8AD130040E359 /* SVProgressHUD.bundle in Resources */,
				C45BE28516E0E8DF007C2F02 /* Default@2x.png in Resources */,
				C45BE28716E0E8F6007C2F02 /* Default-568h@2x.png in Resources */,
				C45BE28916E0E8FD007C2F02 /* Default-Portrait~ipad.png in Resources */,
				C45BE28B16E0E900007C2F02 /* Default-Portrait@2x~ipad.png in Resources */,
				C45BE28D16E0E903007C2F02 /* Default-Landscape~ipad.png in Resources */,
				C45BE28F16E0E904007C2F02 /* Default-Landscape@2x~ipad.png in Resources */,
			);
			runOnlyForDeploymentPostprocessing = 0;
		};
/* End PBXResourcesBuildPhase section */

/* Begin PBXSourcesBuildPhase section */
		C462BDA615C95A8700170E3C /* Sources */ = {
			isa = PBXSourcesBuildPhase;
			buildActionMask = 2147483647;
			files = (
				C4D42DBB19D72EDC003D51CD /* Type+Load_Data.m in Sources */,
				C4DCB69416C1534F00519F6A /* ReachabilityARC.m in Sources */,
				C4D42DB319D72EDC003D51CD /* Lector+Load_Data.m in Sources */,
				C4D42DB919D72EDC003D51CD /* Term.m in Sources */,
				C402E18219D8AD130040E359 /* SVProgressHUD.m in Sources */,
				C49852261A01346900957B63 /* Info.m in Sources */,
				C4D42DAF19D72EDC003D51CD /* AllEvents+Load_Data.m in Sources */,
				C462BDBD15C95A8700170E3C /* main.m in Sources */,
				C462BDC115C95A8700170E3C /* ISAppDelegate.m in Sources */,
				C462BDCA15C95A8700170E3C /* IRSOT_Seminars.xcdatamodeld in Sources */,
				C481E96719DD78A400356E79 /* ISActivityProvider.m in Sources */,
				C4D42DAE19D72EDC003D51CD /* AllEvents.m in Sources */,
				C462BDDB15C95B7300170E3C /* ISMainPageViewController.m in Sources */,
				C4D42DC619D731FB003D51CD /* ISTheme.m in Sources */,
				C4D42DB219D72EDC003D51CD /* Lector.m in Sources */,
				C4DE788015C95C02007FBEC4 /* ISInfoTableViewController.m in Sources */,
				C4D42DB719D72EDC003D51CD /* Seminar.m in Sources */,
				C4DE788415C95C42007FBEC4 /* ISWebviewViewController.m in Sources */,
				C4DE788715C95C96007FBEC4 /* ISSettingsViewController.m in Sources */,
				C4DE788A15C95D26007FBEC4 /* ISSeminarListTableViewController.m in Sources */,
				C4DE789215C96EF3007FBEC4 /* SeminarFetcher.m in Sources */,
				C48F972215CC663400F4AA51 /* ISSeminarViewController.m in Sources */,
				C415A30215CC95A0004BCD79 /* ISBookmarksTableViewController.m in Sources */,
				C415A30B15CC9952004BCD79 /* ISLectorViewController.m in Sources */,
				C49852231A01336800957B63 /* Info+Load_data.m in Sources */,
				C4D42DB519D72EDC003D51CD /* Section+Load_Data.m in Sources */,
				C483E40C15D2ADD1001A41FB /* ISLectorListTableViewController.m in Sources */,
				C483E40F15D2C393001A41FB /* Helper.m in Sources */,
				C4D7CEF515D3F1A60003F90C /* ISNewsWebviewControllerViewController.m in Sources */,
				C45D3CF116CD4E0200877F94 /* ISInfoDictionary.m in Sources */,
				C4D42DB819D72EDC003D51CD /* Seminar+Load_Data.m in Sources */,
				C46DED8216D26813008DAC47 /* ISAlertTimesTableViewController.m in Sources */,
				C4D42DB619D72EDC003D51CD /* Sections.m in Sources */,
				C46DED8516D28828008DAC47 /* ISAlertTimes.m in Sources */,
				C4D42DB419D72EDC003D51CD /* Section.m in Sources */,
				C4D42DBA19D72EDC003D51CD /* Type.m in Sources */,
			);
			runOnlyForDeploymentPostprocessing = 0;
		};
/* End PBXSourcesBuildPhase section */

/* Begin PBXVariantGroup section */
		C462BDB915C95A8700170E3C /* InfoPlist.strings */ = {
			isa = PBXVariantGroup;
			children = (
				C462BDBA15C95A8700170E3C /* en */,
				C4871E1915E3CFB60003F0D5 /* ru */,
			);
			name = InfoPlist.strings;
			sourceTree = "<group>";
		};
		C462BDC215C95A8700170E3C /* MainStoryboard_iPhone.storyboard */ = {
			isa = PBXVariantGroup;
			children = (
				C402E17C19D893000040E359 /* Base */,
			);
			name = MainStoryboard_iPhone.storyboard;
			sourceTree = "<group>";
		};
		C462BDC515C95A8700170E3C /* MainStoryboard_iPad.storyboard */ = {
			isa = PBXVariantGroup;
			children = (
				C402E17B19D892EE0040E359 /* Base */,
			);
			name = MainStoryboard_iPad.storyboard;
			sourceTree = "<group>";
		};
		C4B7563716D24D5300C23950 /* Localizable.strings */ = {
			isa = PBXVariantGroup;
			children = (
				C4B7563616D24D5300C23950 /* en */,
				C4B7563816D24D5600C23950 /* ru */,
			);
			name = Localizable.strings;
			sourceTree = "<group>";
		};
/* End PBXVariantGroup section */

/* Begin XCBuildConfiguration section */
		C462BDD115C95A8700170E3C /* Debug */ = {
			isa = XCBuildConfiguration;
			buildSettings = {
				ALWAYS_SEARCH_USER_PATHS = NO;
				CLANG_CXX_LANGUAGE_STANDARD = "gnu++0x";
				CLANG_ENABLE_OBJC_ARC = YES;
				CLANG_WARN_BOOL_CONVERSION = YES;
				CLANG_WARN_CONSTANT_CONVERSION = YES;
				CLANG_WARN_EMPTY_BODY = YES;
				CLANG_WARN_ENUM_CONVERSION = YES;
				CLANG_WARN_INT_CONVERSION = YES;
				CLANG_WARN_UNREACHABLE_CODE = YES;
				CLANG_WARN__DUPLICATE_METHOD_MATCH = YES;
				CODE_SIGN_IDENTITY = "iPhone Developer: Vladimir Ershov (H4TUUJ7WXY)";
				"CODE_SIGN_IDENTITY[sdk=iphoneos*]" = "iPhone Developer: Vladimir Ershov (H4TUUJ7WXY)";
				COPY_PHASE_STRIP = NO;
				ENABLE_STRICT_OBJC_MSGSEND = YES;
				GCC_C_LANGUAGE_STANDARD = gnu99;
				GCC_DYNAMIC_NO_PIC = NO;
				GCC_OPTIMIZATION_LEVEL = 0;
				GCC_PREPROCESSOR_DEFINITIONS = (
					"DEBUG=1",
					"$(inherited)",
				);
				GCC_SYMBOLS_PRIVATE_EXTERN = NO;
				GCC_VERSION = com.apple.compilers.llvm.clang.1_0;
				GCC_WARN_64_TO_32_BIT_CONVERSION = YES;
				GCC_WARN_ABOUT_RETURN_TYPE = YES;
				GCC_WARN_UNDECLARED_SELECTOR = YES;
				GCC_WARN_UNINITIALIZED_AUTOS = YES;
				GCC_WARN_UNUSED_FUNCTION = YES;
				GCC_WARN_UNUSED_VARIABLE = YES;
				IPHONEOS_DEPLOYMENT_TARGET = 7.0;
				ONLY_ACTIVE_ARCH = YES;
				PROVISIONING_PROFILE = "480adce7-0f25-487a-8c95-7d78826ef524";
				SDKROOT = iphoneos;
				TARGETED_DEVICE_FAMILY = "1,2";
				VALID_ARCHS = "armv7 armv7s i386 x86_64 arm64";
			};
			name = Debug;
		};
		C462BDD215C95A8700170E3C /* Release */ = {
			isa = XCBuildConfiguration;
			buildSettings = {
				ALWAYS_SEARCH_USER_PATHS = NO;
				CLANG_CXX_LANGUAGE_STANDARD = "gnu++0x";
				CLANG_ENABLE_OBJC_ARC = YES;
				CLANG_WARN_BOOL_CONVERSION = YES;
				CLANG_WARN_CONSTANT_CONVERSION = YES;
				CLANG_WARN_EMPTY_BODY = YES;
				CLANG_WARN_ENUM_CONVERSION = YES;
				CLANG_WARN_INT_CONVERSION = YES;
				CLANG_WARN_UNREACHABLE_CODE = YES;
				CLANG_WARN__DUPLICATE_METHOD_MATCH = YES;
				CODE_SIGN_IDENTITY = "iPhone Developer: Vladimir Ershov (H4TUUJ7WXY)";
				"CODE_SIGN_IDENTITY[sdk=iphoneos*]" = "iPhone Developer: Vladimir Ershov (H4TUUJ7WXY)";
				COPY_PHASE_STRIP = YES;
				ENABLE_STRICT_OBJC_MSGSEND = YES;
				GCC_C_LANGUAGE_STANDARD = gnu99;
				GCC_VERSION = com.apple.compilers.llvm.clang.1_0;
				GCC_WARN_64_TO_32_BIT_CONVERSION = YES;
				GCC_WARN_ABOUT_RETURN_TYPE = YES;
				GCC_WARN_UNDECLARED_SELECTOR = YES;
				GCC_WARN_UNINITIALIZED_AUTOS = YES;
				GCC_WARN_UNUSED_FUNCTION = YES;
				GCC_WARN_UNUSED_VARIABLE = YES;
				IPHONEOS_DEPLOYMENT_TARGET = 7.0;
				ONLY_ACTIVE_ARCH = NO;
				OTHER_CFLAGS = "-DNS_BLOCK_ASSERTIONS=1";
				PROVISIONING_PROFILE = "480adce7-0f25-487a-8c95-7d78826ef524";
				SDKROOT = iphoneos;
				TARGETED_DEVICE_FAMILY = "1,2";
				VALIDATE_PRODUCT = YES;
				VALID_ARCHS = "armv7 armv7s i386 x86_64 arm64";
			};
			name = Release;
		};
		C462BDD415C95A8700170E3C /* Debug */ = {
			isa = XCBuildConfiguration;
			buildSettings = {
				ASSETCATALOG_COMPILER_APPICON_NAME = AppIcon;
				ASSETCATALOG_COMPILER_LAUNCHIMAGE_NAME = LaunchImage;
				CODE_SIGN_ENTITLEMENTS = "IRSOT Seminars/IRSOT Seminars.entitlements";
				CODE_SIGN_IDENTITY = "iPhone Developer: Vladimir Ershov (H4TUUJ7WXY)";
				"CODE_SIGN_IDENTITY[sdk=iphoneos*]" = "iPhone Developer: Vladimir Ershov (H4TUUJ7WXY)";
				GCC_PRECOMPILE_PREFIX_HEADER = YES;
				GCC_PREFIX_HEADER = "IRSOT Seminars/IRSOT Seminars-Prefix.pch";
				INFOPLIST_FILE = "IRSOT Seminars/IRSOT Seminars-Info.plist";
				IPHONEOS_DEPLOYMENT_TARGET = 7.0;
				OTHER_LDFLAGS = (
					"-ObjC",
					"-all_load",
				);
				PRODUCT_NAME = "$(TARGET_NAME)";
				PROVISIONING_PROFILE = "30b58ec5-6f82-42f4-93c1-95d70bbeb8c2";
				"PROVISIONING_PROFILE[sdk=iphoneos*]" = "30b58ec5-6f82-42f4-93c1-95d70bbeb8c2";
				TARGETED_DEVICE_FAMILY = "1,2";
				USER_HEADER_SEARCH_PATHS = "Submodules/**";
				VALID_ARCHS = "armv7 armv7s arm64 i386 x86_64";
				WRAPPER_EXTENSION = app;
			};
			name = Debug;
		};
		C462BDD515C95A8700170E3C /* Release */ = {
			isa = XCBuildConfiguration;
			buildSettings = {
				ASSETCATALOG_COMPILER_APPICON_NAME = AppIcon;
				ASSETCATALOG_COMPILER_LAUNCHIMAGE_NAME = LaunchImage;
				CODE_SIGN_ENTITLEMENTS = "IRSOT Seminars/IRSOT Seminars.entitlements";
				CODE_SIGN_IDENTITY = "iPhone Developer: Vladimir Ershov (H4TUUJ7WXY)";
				"CODE_SIGN_IDENTITY[sdk=iphoneos*]" = "iPhone Developer: Vladimir Ershov (H4TUUJ7WXY)";
				GCC_PRECOMPILE_PREFIX_HEADER = YES;
				GCC_PREFIX_HEADER = "IRSOT Seminars/IRSOT Seminars-Prefix.pch";
				INFOPLIST_FILE = "IRSOT Seminars/IRSOT Seminars-Info.plist";
				IPHONEOS_DEPLOYMENT_TARGET = 7.0;
				OTHER_LDFLAGS = (
					"-ObjC",
					"-all_load",
				);
				PRODUCT_NAME = "$(TARGET_NAME)";
				PROVISIONING_PROFILE = "30b58ec5-6f82-42f4-93c1-95d70bbeb8c2";
				"PROVISIONING_PROFILE[sdk=iphoneos*]" = "30b58ec5-6f82-42f4-93c1-95d70bbeb8c2";
				TARGETED_DEVICE_FAMILY = "1,2";
				USER_HEADER_SEARCH_PATHS = "Submodules/**";
				VALID_ARCHS = "armv7 armv7s arm64 i386 x86_64";
				WRAPPER_EXTENSION = app;
			};
			name = Release;
		};
/* End XCBuildConfiguration section */

/* Begin XCConfigurationList section */
		C462BDA415C95A8700170E3C /* Build configuration list for PBXProject "IRSOT Seminars" */ = {
			isa = XCConfigurationList;
			buildConfigurations = (
				C462BDD115C95A8700170E3C /* Debug */,
				C462BDD215C95A8700170E3C /* Release */,
			);
			defaultConfigurationIsVisible = 0;
			defaultConfigurationName = Release;
		};
		C462BDD315C95A8700170E3C /* Build configuration list for PBXNativeTarget "IRSOT Seminars" */ = {
			isa = XCConfigurationList;
			buildConfigurations = (
				C462BDD415C95A8700170E3C /* Debug */,
				C462BDD515C95A8700170E3C /* Release */,
			);
			defaultConfigurationIsVisible = 0;
			defaultConfigurationName = Release;
		};
/* End XCConfigurationList section */

/* Begin XCVersionGroup section */
		C462BDC815C95A8700170E3C /* IRSOT_Seminars.xcdatamodeld */ = {
			isa = XCVersionGroup;
			children = (
				C498521A1A01329100957B63 /* IRSOT_Seminars 8.xcdatamodel */,
				C45DA5EF16E72CC6002B295A /* IRSOT_Seminars 7.xcdatamodel */,
				C4AE0A6D16DBA2DE00EF3C5C /* IRSOT_Seminars 6.xcdatamodel */,
				C465875B15F8FFDD00AA2B6B /* IRSOT_Seminars 5.xcdatamodel */,
				C4F9EEA315ECF8E3008BA56D /* IRSOT_Seminars 4.xcdatamodel */,
				C43AB40615E28A8F003813DF /* IRSOT_Seminars 3.xcdatamodel */,
				C4C6DD1715E0274E003292C8 /* IRSOT_Seminars 2.xcdatamodel */,
				C462BDC915C95A8700170E3C /* IRSOT_Seminars.xcdatamodel */,
			);
			currentVersion = C498521A1A01329100957B63 /* IRSOT_Seminars 8.xcdatamodel */;
			path = IRSOT_Seminars.xcdatamodeld;
			sourceTree = "<group>";
			versionGroupType = wrapper.xcdatamodel;
		};
/* End XCVersionGroup section */
	};
	rootObject = C462BDA115C95A8700170E3C /* Project object */;
}
