// !$*UTF8*$!
{
	archiveVersion = 1;
	classes = {
	};
	objectVersion = 46;
	objects = {

/* Begin PBXBuildFile section */
		C40D8F1A15CBDBBB0048ABF4 /* Sections+Load_Data.m in Sources */ = {isa = PBXBuildFile; fileRef = C40D8F1915CBDBBB0048ABF4 /* Sections+Load_Data.m */; };
		C40D8F1D15CBDFB30048ABF4 /* Type+Load_Data.m in Sources */ = {isa = PBXBuildFile; fileRef = C40D8F1C15CBDFB30048ABF4 /* Type+Load_Data.m */; };
		C40D8F2315CBEA5D0048ABF4 /* SVProgressHUD.bundle in Resources */ = {isa = PBXBuildFile; fileRef = C40D8F2015CBEA5D0048ABF4 /* SVProgressHUD.bundle */; };
		C40D8F2415CBEA5D0048ABF4 /* SVProgressHUD.m in Sources */ = {isa = PBXBuildFile; fileRef = C40D8F2215CBEA5D0048ABF4 /* SVProgressHUD.m */; settings = {COMPILER_FLAGS = "-fobjc-arc"; }; };
		C40F52EB15DD725E0022A9B5 /* back-iPhone.png in Resources */ = {isa = PBXBuildFile; fileRef = C40F52E715DD725E0022A9B5 /* back-iPhone.png */; };
		C40F52EC15DD725E0022A9B5 /* back-iPhone@2x.png in Resources */ = {isa = PBXBuildFile; fileRef = C40F52E815DD725E0022A9B5 /* back-iPhone@2x.png */; };
		C40F52ED15DD725E0022A9B5 /* forward-iPhone.png in Resources */ = {isa = PBXBuildFile; fileRef = C40F52E915DD725E0022A9B5 /* forward-iPhone.png */; };
		C40F52EE15DD725E0022A9B5 /* forward-iPhone@2x.png in Resources */ = {isa = PBXBuildFile; fileRef = C40F52EA15DD725E0022A9B5 /* forward-iPhone@2x.png */; };
		C415A30215CC95A0004BCD79 /* ISBookmarksTableViewController.m in Sources */ = {isa = PBXBuildFile; fileRef = C415A30115CC95A0004BCD79 /* ISBookmarksTableViewController.m */; };
		C415A30B15CC9952004BCD79 /* ISLectorViewController.m in Sources */ = {isa = PBXBuildFile; fileRef = C415A30A15CC9952004BCD79 /* ISLectorViewController.m */; };
		C41B5C7F15F4ECA20079D940 /* ISSHKConfigurator.m in Sources */ = {isa = PBXBuildFile; fileRef = C41B5C7E15F4ECA20079D940 /* ISSHKConfigurator.m */; };
		C4228C5C15D12ED500960BBA /* irsot-icon-iPhone@2x.png in Resources */ = {isa = PBXBuildFile; fileRef = C4228C5B15D12ED500960BBA /* irsot-icon-iPhone@2x.png */; };
		C4228C5F15D12EEF00960BBA /* irsot-icon-iPhone.png in Resources */ = {isa = PBXBuildFile; fileRef = C4228C5E15D12EEF00960BBA /* irsot-icon-iPhone.png */; };
		C4228C6115D12F0D00960BBA /* irsot-icon-iPad@2x.png in Resources */ = {isa = PBXBuildFile; fileRef = C4228C6015D12F0D00960BBA /* irsot-icon-iPad@2x.png */; };
		C4228C6315D12F2800960BBA /* irsot-icon-iPad.png in Resources */ = {isa = PBXBuildFile; fileRef = C4228C6215D12F2800960BBA /* irsot-icon-iPad.png */; };
		C423682415DEBAFE0066B1D7 /* libShareKit.a in Frameworks */ = {isa = PBXBuildFile; fileRef = C423681A15DEBABA0066B1D7 /* libShareKit.a */; };
		C423682515DEBB350066B1D7 /* ShareKit.bundle in Resources */ = {isa = PBXBuildFile; fileRef = C423681C15DEBABA0066B1D7 /* ShareKit.bundle */; };
		C423682715DEBBDF0066B1D7 /* Security.framework in Frameworks */ = {isa = PBXBuildFile; fileRef = C423682615DEBBDF0066B1D7 /* Security.framework */; };
		C423682915DEBBE70066B1D7 /* MessageUI.framework in Frameworks */ = {isa = PBXBuildFile; fileRef = C423682815DEBBE70066B1D7 /* MessageUI.framework */; };
		C423682B15DEBBEF0066B1D7 /* CFNetwork.framework in Frameworks */ = {isa = PBXBuildFile; fileRef = C423682A15DEBBEF0066B1D7 /* CFNetwork.framework */; };
		C423682D15DEBBF70066B1D7 /* CoreLocation.framework in Frameworks */ = {isa = PBXBuildFile; fileRef = C423682C15DEBBF70066B1D7 /* CoreLocation.framework */; };
		C423682F15DEBBFF0066B1D7 /* Twitter.framework in Frameworks */ = {isa = PBXBuildFile; fileRef = C423682E15DEBBFF0066B1D7 /* Twitter.framework */; };
		C423683215DEBD380066B1D7 /* ReachabilityARC.m in Sources */ = {isa = PBXBuildFile; fileRef = C423683115DEBD380066B1D7 /* ReachabilityARC.m */; };
		C42D425815E3D86D0042E708 /* libTapkuLibrary.a in Frameworks */ = {isa = PBXBuildFile; fileRef = C42D425515E3D8620042E708 /* libTapkuLibrary.a */; };
		C42D425D15E3D8A10042E708 /* ISCalendarViewController.m in Sources */ = {isa = PBXBuildFile; fileRef = C42D425C15E3D8A10042E708 /* ISCalendarViewController.m */; };
		C42D425F15E3D9600042E708 /* QuartzCore.framework in Frameworks */ = {isa = PBXBuildFile; fileRef = C42D425E15E3D9600042E708 /* QuartzCore.framework */; };
		C42D426115E3D9650042E708 /* MapKit.framework in Frameworks */ = {isa = PBXBuildFile; fileRef = C42D426015E3D9640042E708 /* MapKit.framework */; };
		C456423715D25924001C4024 /* lectors-iPhone.png in Resources */ = {isa = PBXBuildFile; fileRef = C456423515D25924001C4024 /* lectors-iPhone.png */; };
		C456423815D25924001C4024 /* lectors-iPhone@2x.png in Resources */ = {isa = PBXBuildFile; fileRef = C456423615D25924001C4024 /* lectors-iPhone@2x.png */; };
		C456427615D25AE2001C4024 /* gear-iPhone.png in Resources */ = {isa = PBXBuildFile; fileRef = C456427415D25AE2001C4024 /* gear-iPhone.png */; };
		C456427715D25AE2001C4024 /* gear-iPhone@2x.png in Resources */ = {isa = PBXBuildFile; fileRef = C456427515D25AE2001C4024 /* gear-iPhone@2x.png */; };
		C45C864F15F61C9D00108749 /* bg_texture.png in Resources */ = {isa = PBXBuildFile; fileRef = C45C864315F61C9D00108749 /* bg_texture.png */; };
		C45C865015F61C9D00108749 /* bg_texture@2x.png in Resources */ = {isa = PBXBuildFile; fileRef = C45C864415F61C9D00108749 /* bg_texture@2x.png */; };
		C45C865915F61C9D00108749 /* light-hash-background.png in Resources */ = {isa = PBXBuildFile; fileRef = C45C864D15F61C9D00108749 /* light-hash-background.png */; };
		C45C865A15F61C9D00108749 /* light-hash-background@2x.png in Resources */ = {isa = PBXBuildFile; fileRef = C45C864E15F61C9D00108749 /* light-hash-background@2x.png */; };
		C45C86A715F63DA300108749 /* orangeButton.png in Resources */ = {isa = PBXBuildFile; fileRef = C45C869F15F63DA300108749 /* orangeButton.png */; };
		C45C86A815F63DA300108749 /* orangeButton@2x.png in Resources */ = {isa = PBXBuildFile; fileRef = C45C86A015F63DA300108749 /* orangeButton@2x.png */; };
		C45C86A915F63DA300108749 /* orangeButtonHighlight.png in Resources */ = {isa = PBXBuildFile; fileRef = C45C86A115F63DA300108749 /* orangeButtonHighlight.png */; };
		C45C86AA15F63DA300108749 /* orangeButtonHighlight@2x.png in Resources */ = {isa = PBXBuildFile; fileRef = C45C86A215F63DA300108749 /* orangeButtonHighlight@2x.png */; };
		C45C86AB15F63DA300108749 /* whiteButton.png in Resources */ = {isa = PBXBuildFile; fileRef = C45C86A315F63DA300108749 /* whiteButton.png */; };
		C45C86AC15F63DA300108749 /* whiteButton@2x.png in Resources */ = {isa = PBXBuildFile; fileRef = C45C86A415F63DA300108749 /* whiteButton@2x.png */; };
		C45C86AD15F63DA300108749 /* whiteButtonHighlight.png in Resources */ = {isa = PBXBuildFile; fileRef = C45C86A515F63DA300108749 /* whiteButtonHighlight.png */; };
		C45C86AE15F63DA300108749 /* whiteButtonHighlight@2x.png in Resources */ = {isa = PBXBuildFile; fileRef = C45C86A615F63DA300108749 /* whiteButtonHighlight@2x.png */; };
		C45C86B315F63DAE00108749 /* greenButton.png in Resources */ = {isa = PBXBuildFile; fileRef = C45C86AF15F63DAE00108749 /* greenButton.png */; };
		C45C86B415F63DAE00108749 /* greenButton@2x.png in Resources */ = {isa = PBXBuildFile; fileRef = C45C86B015F63DAE00108749 /* greenButton@2x.png */; };
		C45C86B515F63DAE00108749 /* greenButtonHighlight.png in Resources */ = {isa = PBXBuildFile; fileRef = C45C86B115F63DAE00108749 /* greenButtonHighlight.png */; };
		C45C86B615F63DAE00108749 /* greenButtonHighlight@2x.png in Resources */ = {isa = PBXBuildFile; fileRef = C45C86B215F63DAE00108749 /* greenButtonHighlight@2x.png */; };
		C462BDAF15C95A8700170E3C /* UIKit.framework in Frameworks */ = {isa = PBXBuildFile; fileRef = C462BDAE15C95A8700170E3C /* UIKit.framework */; };
		C462BDB115C95A8700170E3C /* Foundation.framework in Frameworks */ = {isa = PBXBuildFile; fileRef = C462BDB015C95A8700170E3C /* Foundation.framework */; };
		C462BDB315C95A8700170E3C /* CoreGraphics.framework in Frameworks */ = {isa = PBXBuildFile; fileRef = C462BDB215C95A8700170E3C /* CoreGraphics.framework */; };
		C462BDB515C95A8700170E3C /* CoreData.framework in Frameworks */ = {isa = PBXBuildFile; fileRef = C462BDB415C95A8700170E3C /* CoreData.framework */; };
		C462BDBB15C95A8700170E3C /* InfoPlist.strings in Resources */ = {isa = PBXBuildFile; fileRef = C462BDB915C95A8700170E3C /* InfoPlist.strings */; };
		C462BDBD15C95A8700170E3C /* main.m in Sources */ = {isa = PBXBuildFile; fileRef = C462BDBC15C95A8700170E3C /* main.m */; };
		C462BDC115C95A8700170E3C /* ISAppDelegate.m in Sources */ = {isa = PBXBuildFile; fileRef = C462BDC015C95A8700170E3C /* ISAppDelegate.m */; };
		C462BDC415C95A8700170E3C /* MainStoryboard_iPhone.storyboard in Resources */ = {isa = PBXBuildFile; fileRef = C462BDC215C95A8700170E3C /* MainStoryboard_iPhone.storyboard */; };
		C462BDC715C95A8700170E3C /* MainStoryboard_iPad.storyboard in Resources */ = {isa = PBXBuildFile; fileRef = C462BDC515C95A8700170E3C /* MainStoryboard_iPad.storyboard */; };
		C462BDCA15C95A8700170E3C /* IRSOT_Seminars.xcdatamodeld in Sources */ = {isa = PBXBuildFile; fileRef = C462BDC815C95A8700170E3C /* IRSOT_Seminars.xcdatamodeld */; };
		C462BDCD15C95A8700170E3C /* ISMasterViewController.m in Sources */ = {isa = PBXBuildFile; fileRef = C462BDCC15C95A8700170E3C /* ISMasterViewController.m */; };
		C462BDD015C95A8700170E3C /* ISDetailViewController.m in Sources */ = {isa = PBXBuildFile; fileRef = C462BDCF15C95A8700170E3C /* ISDetailViewController.m */; };
		C462BDDB15C95B7300170E3C /* ISMainPageViewController.m in Sources */ = {isa = PBXBuildFile; fileRef = C462BDDA15C95B7300170E3C /* ISMainPageViewController.m */; };
		C465875E15F9001800AA2B6B /* Lector.m in Sources */ = {isa = PBXBuildFile; fileRef = C465875D15F9001800AA2B6B /* Lector.m */; };
		C465876115F9001800AA2B6B /* Term.m in Sources */ = {isa = PBXBuildFile; fileRef = C465876015F9001800AA2B6B /* Term.m */; };
		C465876415F9001800AA2B6B /* Type.m in Sources */ = {isa = PBXBuildFile; fileRef = C465876315F9001800AA2B6B /* Type.m */; };
		C465876715F9001800AA2B6B /* Seminar.m in Sources */ = {isa = PBXBuildFile; fileRef = C465876615F9001800AA2B6B /* Seminar.m */; };
		C465876A15F9001800AA2B6B /* Sections.m in Sources */ = {isa = PBXBuildFile; fileRef = C465876915F9001800AA2B6B /* Sections.m */; };
		C46A618215DD2E2D0093C39E /* SystemConfiguration.framework in Frameworks */ = {isa = PBXBuildFile; fileRef = C46A618115DD2E2D0093C39E /* SystemConfiguration.framework */; };
		C46E89B71610C83E00D5CAEE /* Default-568h@2x.png in Resources */ = {isa = PBXBuildFile; fileRef = C46E89B61610C83E00D5CAEE /* Default-568h@2x.png */; };
		C483E40C15D2ADD1001A41FB /* ISLectorListTableViewController.m in Sources */ = {isa = PBXBuildFile; fileRef = C483E40B15D2ADD1001A41FB /* ISLectorListTableViewController.m */; };
		C483E40F15D2C393001A41FB /* Helper.m in Sources */ = {isa = PBXBuildFile; fileRef = C483E40E15D2C393001A41FB /* Helper.m */; };
		C48F96F815CC46D400F4AA51 /* Seminar+Load_Data.m in Sources */ = {isa = PBXBuildFile; fileRef = C48F96F715CC46D400F4AA51 /* Seminar+Load_Data.m */; };
		C48F971315CC519E00F4AA51 /* Lector+Load_Data.m in Sources */ = {isa = PBXBuildFile; fileRef = C48F971215CC519E00F4AA51 /* Lector+Load_Data.m */; };
		C48F972215CC663400F4AA51 /* ISSeminarViewController.m in Sources */ = {isa = PBXBuildFile; fileRef = C48F972115CC663400F4AA51 /* ISSeminarViewController.m */; };
		C4D7CEF015D3F1440003F90C /* twitter-iPhone.png in Resources */ = {isa = PBXBuildFile; fileRef = C4D7CEEE15D3F1440003F90C /* twitter-iPhone.png */; };
		C4D7CEF115D3F1440003F90C /* twitter-iPhone@2x.png in Resources */ = {isa = PBXBuildFile; fileRef = C4D7CEEF15D3F1440003F90C /* twitter-iPhone@2x.png */; };
		C4D7CEF515D3F1A60003F90C /* ISNewsWebviewControllerViewController.m in Sources */ = {isa = PBXBuildFile; fileRef = C4D7CEF415D3F1A60003F90C /* ISNewsWebviewControllerViewController.m */; };
		C4DE788015C95C02007FBEC4 /* ISInfoTableViewController.m in Sources */ = {isa = PBXBuildFile; fileRef = C4DE787F15C95C02007FBEC4 /* ISInfoTableViewController.m */; };
		C4DE788415C95C42007FBEC4 /* ISWebviewViewController.m in Sources */ = {isa = PBXBuildFile; fileRef = C4DE788315C95C42007FBEC4 /* ISWebviewViewController.m */; };
		C4DE788715C95C96007FBEC4 /* ISSettingsViewController.m in Sources */ = {isa = PBXBuildFile; fileRef = C4DE788615C95C96007FBEC4 /* ISSettingsViewController.m */; };
		C4DE788A15C95D26007FBEC4 /* ISSeminarListTableViewController.m in Sources */ = {isa = PBXBuildFile; fileRef = C4DE788915C95D26007FBEC4 /* ISSeminarListTableViewController.m */; };
		C4DE788F15C95E34007FBEC4 /* Info Links.plist in Resources */ = {isa = PBXBuildFile; fileRef = C4DE788E15C95E34007FBEC4 /* Info Links.plist */; };
		C4DE789215C96EF3007FBEC4 /* SeminarFetcher.m in Sources */ = {isa = PBXBuildFile; fileRef = C4DE789115C96EF3007FBEC4 /* SeminarFetcher.m */; };
		C4E5122B15F680E9007DD40E /* light-hash-background@2x~iPad.png in Resources */ = {isa = PBXBuildFile; fileRef = C4E5122915F680E9007DD40E /* light-hash-background@2x~iPad.png */; };
		C4E5122C15F680E9007DD40E /* light-hash-background~iPad.png in Resources */ = {isa = PBXBuildFile; fileRef = C4E5122A15F680E9007DD40E /* light-hash-background~iPad.png */; };
		C4F9EEB515ED12DA008BA56D /* profile-icon~iPad.png in Resources */ = {isa = PBXBuildFile; fileRef = C4F9EEB115ED12DA008BA56D /* profile-icon~iPad.png */; };
		C4F9EEB615ED12DA008BA56D /* profile-icon@2x~iPad.png in Resources */ = {isa = PBXBuildFile; fileRef = C4F9EEB215ED12DA008BA56D /* profile-icon@2x~iPad.png */; };
		C4F9EEB715ED12DA008BA56D /* profile-icon.png in Resources */ = {isa = PBXBuildFile; fileRef = C4F9EEB315ED12DA008BA56D /* profile-icon.png */; };
		C4F9EEB815ED12DA008BA56D /* profile-icon@2x.png in Resources */ = {isa = PBXBuildFile; fileRef = C4F9EEB415ED12DA008BA56D /* profile-icon@2x.png */; };
/* End PBXBuildFile section */

/* Begin PBXContainerItemProxy section */
		C423681715DEBABA0066B1D7 /* PBXContainerItemProxy */ = {
			isa = PBXContainerItemProxy;
			containerPortal = C423680C15DEBAB90066B1D7 /* ShareKit.xcodeproj */;
			proxyType = 2;
			remoteGlobalIDString = 1D6058910D05DD3D006BFB54;
			remoteInfo = "Demo App";
		};
		C423681915DEBABA0066B1D7 /* PBXContainerItemProxy */ = {
			isa = PBXContainerItemProxy;
			containerPortal = C423680C15DEBAB90066B1D7 /* ShareKit.xcodeproj */;
			proxyType = 2;
			remoteGlobalIDString = 7AB5342E1552AADD00171BCE;
			remoteInfo = "Static Library";
		};
		C423681B15DEBABA0066B1D7 /* PBXContainerItemProxy */ = {
			isa = PBXContainerItemProxy;
			containerPortal = C423680C15DEBAB90066B1D7 /* ShareKit.xcodeproj */;
			proxyType = 2;
			remoteGlobalIDString = 7AB5360F1552E26800171BCE;
			remoteInfo = "Resource Bundle";
		};
		C423681D15DEBABA0066B1D7 /* PBXContainerItemProxy */ = {
			isa = PBXContainerItemProxy;
			containerPortal = C423680C15DEBAB90066B1D7 /* ShareKit.xcodeproj */;
			proxyType = 2;
			remoteGlobalIDString = 7A0F9246156BA2A0009CB40A;
			remoteInfo = "Static Library No Submodules";
		};
		C423682015DEBAE80066B1D7 /* PBXContainerItemProxy */ = {
			isa = PBXContainerItemProxy;
			containerPortal = C423680C15DEBAB90066B1D7 /* ShareKit.xcodeproj */;
			proxyType = 1;
			remoteGlobalIDString = 7AB5342D1552AADD00171BCE;
			remoteInfo = "Static Library";
		};
		C423682215DEBAED0066B1D7 /* PBXContainerItemProxy */ = {
			isa = PBXContainerItemProxy;
			containerPortal = C423680C15DEBAB90066B1D7 /* ShareKit.xcodeproj */;
			proxyType = 1;
			remoteGlobalIDString = 7AB5360E1552E26800171BCE;
			remoteInfo = "Resource Bundle";
		};
		C42D425415E3D8620042E708 /* PBXContainerItemProxy */ = {
			isa = PBXContainerItemProxy;
			containerPortal = C42D424C15E3D8620042E708 /* TapkuLibrary.xcodeproj */;
			proxyType = 2;
			remoteGlobalIDString = D2AAC07E0554694100DB518D;
			remoteInfo = TapkuLibrary;
		};
		C42D425615E3D8620042E708 /* PBXContainerItemProxy */ = {
			isa = PBXContainerItemProxy;
			containerPortal = C42D424C15E3D8620042E708 /* TapkuLibrary.xcodeproj */;
			proxyType = 2;
			remoteGlobalIDString = 3B45DDF1134C736600D24C1A;
			remoteInfo = LogicTests;
		};
		C42D425915E3D8750042E708 /* PBXContainerItemProxy */ = {
			isa = PBXContainerItemProxy;
			containerPortal = C42D424C15E3D8620042E708 /* TapkuLibrary.xcodeproj */;
			proxyType = 1;
			remoteGlobalIDString = D2AAC07D0554694100DB518D;
			remoteInfo = TapkuLibrary;
		};
/* End PBXContainerItemProxy section */

/* Begin PBXFileReference section */
		C40D8F1815CBDBBB0048ABF4 /* Sections+Load_Data.h */ = {isa = PBXFileReference; fileEncoding = 4; lastKnownFileType = sourcecode.c.h; path = "Sections+Load_Data.h"; sourceTree = "<group>"; };
		C40D8F1915CBDBBB0048ABF4 /* Sections+Load_Data.m */ = {isa = PBXFileReference; fileEncoding = 4; lastKnownFileType = sourcecode.c.objc; path = "Sections+Load_Data.m"; sourceTree = "<group>"; };
		C40D8F1B15CBDFB30048ABF4 /* Type+Load_Data.h */ = {isa = PBXFileReference; fileEncoding = 4; lastKnownFileType = sourcecode.c.h; path = "Type+Load_Data.h"; sourceTree = "<group>"; };
		C40D8F1C15CBDFB30048ABF4 /* Type+Load_Data.m */ = {isa = PBXFileReference; fileEncoding = 4; lastKnownFileType = sourcecode.c.objc; path = "Type+Load_Data.m"; sourceTree = "<group>"; };
		C40D8F2015CBEA5D0048ABF4 /* SVProgressHUD.bundle */ = {isa = PBXFileReference; lastKnownFileType = "wrapper.plug-in"; path = SVProgressHUD.bundle; sourceTree = "<group>"; };
		C40D8F2115CBEA5D0048ABF4 /* SVProgressHUD.h */ = {isa = PBXFileReference; fileEncoding = 4; lastKnownFileType = sourcecode.c.h; path = SVProgressHUD.h; sourceTree = "<group>"; };
		C40D8F2215CBEA5D0048ABF4 /* SVProgressHUD.m */ = {isa = PBXFileReference; fileEncoding = 4; lastKnownFileType = sourcecode.c.objc; path = SVProgressHUD.m; sourceTree = "<group>"; };
		C40F52E715DD725E0022A9B5 /* back-iPhone.png */ = {isa = PBXFileReference; lastKnownFileType = image.png; name = "back-iPhone.png"; path = "icons/back-iPhone.png"; sourceTree = "<group>"; };
		C40F52E815DD725E0022A9B5 /* back-iPhone@2x.png */ = {isa = PBXFileReference; lastKnownFileType = image.png; name = "back-iPhone@2x.png"; path = "icons/back-iPhone@2x.png"; sourceTree = "<group>"; };
		C40F52E915DD725E0022A9B5 /* forward-iPhone.png */ = {isa = PBXFileReference; lastKnownFileType = image.png; name = "forward-iPhone.png"; path = "icons/forward-iPhone.png"; sourceTree = "<group>"; };
		C40F52EA15DD725E0022A9B5 /* forward-iPhone@2x.png */ = {isa = PBXFileReference; lastKnownFileType = image.png; name = "forward-iPhone@2x.png"; path = "icons/forward-iPhone@2x.png"; sourceTree = "<group>"; };
		C415A30015CC95A0004BCD79 /* ISBookmarksTableViewController.h */ = {isa = PBXFileReference; fileEncoding = 4; lastKnownFileType = sourcecode.c.h; path = ISBookmarksTableViewController.h; sourceTree = "<group>"; };
		C415A30115CC95A0004BCD79 /* ISBookmarksTableViewController.m */ = {isa = PBXFileReference; fileEncoding = 4; lastKnownFileType = sourcecode.c.objc; path = ISBookmarksTableViewController.m; sourceTree = "<group>"; };
		C415A30915CC9952004BCD79 /* ISLectorViewController.h */ = {isa = PBXFileReference; fileEncoding = 4; lastKnownFileType = sourcecode.c.h; path = ISLectorViewController.h; sourceTree = "<group>"; };
		C415A30A15CC9952004BCD79 /* ISLectorViewController.m */ = {isa = PBXFileReference; fileEncoding = 4; lastKnownFileType = sourcecode.c.objc; path = ISLectorViewController.m; sourceTree = "<group>"; };
		C41B5C7D15F4ECA20079D940 /* ISSHKConfigurator.h */ = {isa = PBXFileReference; fileEncoding = 4; lastKnownFileType = sourcecode.c.h; path = ISSHKConfigurator.h; sourceTree = "<group>"; };
		C41B5C7E15F4ECA20079D940 /* ISSHKConfigurator.m */ = {isa = PBXFileReference; fileEncoding = 4; lastKnownFileType = sourcecode.c.objc; path = ISSHKConfigurator.m; sourceTree = "<group>"; };
		C4228C5B15D12ED500960BBA /* irsot-icon-iPhone@2x.png */ = {isa = PBXFileReference; lastKnownFileType = image.png; name = "irsot-icon-iPhone@2x.png"; path = "../irsot-icon-iPhone@2x.png"; sourceTree = "<group>"; };
		C4228C5E15D12EEF00960BBA /* irsot-icon-iPhone.png */ = {isa = PBXFileReference; lastKnownFileType = image.png; name = "irsot-icon-iPhone.png"; path = "../irsot-icon-iPhone.png"; sourceTree = "<group>"; };
		C4228C6015D12F0D00960BBA /* irsot-icon-iPad@2x.png */ = {isa = PBXFileReference; lastKnownFileType = image.png; name = "irsot-icon-iPad@2x.png"; path = "../irsot-icon-iPad@2x.png"; sourceTree = "<group>"; };
		C4228C6215D12F2800960BBA /* irsot-icon-iPad.png */ = {isa = PBXFileReference; lastKnownFileType = image.png; name = "irsot-icon-iPad.png"; path = "../irsot-icon-iPad.png"; sourceTree = "<group>"; };
		C423680C15DEBAB90066B1D7 /* ShareKit.xcodeproj */ = {isa = PBXFileReference; lastKnownFileType = "wrapper.pb-project"; name = ShareKit.xcodeproj; path = Submodules/ShareKit/ShareKit.xcodeproj; sourceTree = "<group>"; };
		C423682615DEBBDF0066B1D7 /* Security.framework */ = {isa = PBXFileReference; lastKnownFileType = wrapper.framework; name = Security.framework; path = System/Library/Frameworks/Security.framework; sourceTree = SDKROOT; };
		C423682815DEBBE70066B1D7 /* MessageUI.framework */ = {isa = PBXFileReference; lastKnownFileType = wrapper.framework; name = MessageUI.framework; path = System/Library/Frameworks/MessageUI.framework; sourceTree = SDKROOT; };
		C423682A15DEBBEF0066B1D7 /* CFNetwork.framework */ = {isa = PBXFileReference; lastKnownFileType = wrapper.framework; name = CFNetwork.framework; path = System/Library/Frameworks/CFNetwork.framework; sourceTree = SDKROOT; };
		C423682C15DEBBF70066B1D7 /* CoreLocation.framework */ = {isa = PBXFileReference; lastKnownFileType = wrapper.framework; name = CoreLocation.framework; path = System/Library/Frameworks/CoreLocation.framework; sourceTree = SDKROOT; };
		C423682E15DEBBFF0066B1D7 /* Twitter.framework */ = {isa = PBXFileReference; lastKnownFileType = wrapper.framework; name = Twitter.framework; path = System/Library/Frameworks/Twitter.framework; sourceTree = SDKROOT; };
		C423683015DEBD380066B1D7 /* ReachabilityARC.h */ = {isa = PBXFileReference; fileEncoding = 4; lastKnownFileType = sourcecode.c.h; path = ReachabilityARC.h; sourceTree = "<group>"; };
		C423683115DEBD380066B1D7 /* ReachabilityARC.m */ = {isa = PBXFileReference; fileEncoding = 4; lastKnownFileType = sourcecode.c.objc; path = ReachabilityARC.m; sourceTree = "<group>"; };
		C423BC1516121940005C5A26 /* Base */ = {isa = PBXFileReference; lastKnownFileType = file.storyboard; name = Base; path = Base.lproj/MainStoryboard_iPhone.storyboard; sourceTree = "<group>"; };
		C423BC1616121940005C5A26 /* Base */ = {isa = PBXFileReference; lastKnownFileType = file.storyboard; name = Base; path = Base.lproj/MainStoryboard_iPad.storyboard; sourceTree = "<group>"; };
		C42D424C15E3D8620042E708 /* TapkuLibrary.xcodeproj */ = {isa = PBXFileReference; lastKnownFileType = "wrapper.pb-project"; name = TapkuLibrary.xcodeproj; path = ../../libs/tapkulibrary/src/TapkuLibrary.xcodeproj; sourceTree = "<group>"; };
		C42D425B15E3D8A10042E708 /* ISCalendarViewController.h */ = {isa = PBXFileReference; fileEncoding = 4; lastKnownFileType = sourcecode.c.h; path = ISCalendarViewController.h; sourceTree = "<group>"; };
		C42D425C15E3D8A10042E708 /* ISCalendarViewController.m */ = {isa = PBXFileReference; fileEncoding = 4; lastKnownFileType = sourcecode.c.objc; path = ISCalendarViewController.m; sourceTree = "<group>"; };
		C42D425E15E3D9600042E708 /* QuartzCore.framework */ = {isa = PBXFileReference; lastKnownFileType = wrapper.framework; name = QuartzCore.framework; path = System/Library/Frameworks/QuartzCore.framework; sourceTree = SDKROOT; };
		C42D426015E3D9640042E708 /* MapKit.framework */ = {isa = PBXFileReference; lastKnownFileType = wrapper.framework; name = MapKit.framework; path = System/Library/Frameworks/MapKit.framework; sourceTree = SDKROOT; };
		C43AB40615E28A8F003813DF /* IRSOT_Seminars 3.xcdatamodel */ = {isa = PBXFileReference; lastKnownFileType = wrapper.xcdatamodel; path = "IRSOT_Seminars 3.xcdatamodel"; sourceTree = "<group>"; };
		C43AB41C15E2924E003813DF /* IRSOT Seminars.entitlements */ = {isa = PBXFileReference; lastKnownFileType = text.xml; path = "IRSOT Seminars.entitlements"; sourceTree = "<group>"; };
		C456423515D25924001C4024 /* lectors-iPhone.png */ = {isa = PBXFileReference; lastKnownFileType = image.png; name = "lectors-iPhone.png"; path = "icons/lectors-iPhone.png"; sourceTree = "<group>"; };
		C456423615D25924001C4024 /* lectors-iPhone@2x.png */ = {isa = PBXFileReference; lastKnownFileType = image.png; name = "lectors-iPhone@2x.png"; path = "icons/lectors-iPhone@2x.png"; sourceTree = "<group>"; };
		C456427415D25AE2001C4024 /* gear-iPhone.png */ = {isa = PBXFileReference; lastKnownFileType = image.png; name = "gear-iPhone.png"; path = "icons/gear-iPhone.png"; sourceTree = "<group>"; };
		C456427515D25AE2001C4024 /* gear-iPhone@2x.png */ = {isa = PBXFileReference; lastKnownFileType = image.png; name = "gear-iPhone@2x.png"; path = "icons/gear-iPhone@2x.png"; sourceTree = "<group>"; };
		C45C864315F61C9D00108749 /* bg_texture.png */ = {isa = PBXFileReference; lastKnownFileType = image.png; name = bg_texture.png; path = Resources/bg_texture.png; sourceTree = "<group>"; };
		C45C864415F61C9D00108749 /* bg_texture@2x.png */ = {isa = PBXFileReference; lastKnownFileType = image.png; name = "bg_texture@2x.png"; path = "Resources/bg_texture@2x.png"; sourceTree = "<group>"; };
		C45C864D15F61C9D00108749 /* light-hash-background.png */ = {isa = PBXFileReference; lastKnownFileType = image.png; name = "light-hash-background.png"; path = "Resources/light-hash-background.png"; sourceTree = "<group>"; };
		C45C864E15F61C9D00108749 /* light-hash-background@2x.png */ = {isa = PBXFileReference; lastKnownFileType = image.png; name = "light-hash-background@2x.png"; path = "Resources/light-hash-background@2x.png"; sourceTree = "<group>"; };
		C45C869F15F63DA300108749 /* orangeButton.png */ = {isa = PBXFileReference; lastKnownFileType = image.png; name = orangeButton.png; path = Resources/orangeButton.png; sourceTree = "<group>"; };
		C45C86A015F63DA300108749 /* orangeButton@2x.png */ = {isa = PBXFileReference; lastKnownFileType = image.png; name = "orangeButton@2x.png"; path = "Resources/orangeButton@2x.png"; sourceTree = "<group>"; };
		C45C86A115F63DA300108749 /* orangeButtonHighlight.png */ = {isa = PBXFileReference; lastKnownFileType = image.png; name = orangeButtonHighlight.png; path = Resources/orangeButtonHighlight.png; sourceTree = "<group>"; };
		C45C86A215F63DA300108749 /* orangeButtonHighlight@2x.png */ = {isa = PBXFileReference; lastKnownFileType = image.png; name = "orangeButtonHighlight@2x.png"; path = "Resources/orangeButtonHighlight@2x.png"; sourceTree = "<group>"; };
		C45C86A315F63DA300108749 /* whiteButton.png */ = {isa = PBXFileReference; lastKnownFileType = image.png; name = whiteButton.png; path = Resources/whiteButton.png; sourceTree = "<group>"; };
		C45C86A415F63DA300108749 /* whiteButton@2x.png */ = {isa = PBXFileReference; lastKnownFileType = image.png; name = "whiteButton@2x.png"; path = "Resources/whiteButton@2x.png"; sourceTree = "<group>"; };
		C45C86A515F63DA300108749 /* whiteButtonHighlight.png */ = {isa = PBXFileReference; lastKnownFileType = image.png; name = whiteButtonHighlight.png; path = Resources/whiteButtonHighlight.png; sourceTree = "<group>"; };
		C45C86A615F63DA300108749 /* whiteButtonHighlight@2x.png */ = {isa = PBXFileReference; lastKnownFileType = image.png; name = "whiteButtonHighlight@2x.png"; path = "Resources/whiteButtonHighlight@2x.png"; sourceTree = "<group>"; };
		C45C86AF15F63DAE00108749 /* greenButton.png */ = {isa = PBXFileReference; lastKnownFileType = image.png; name = greenButton.png; path = Resources/greenButton.png; sourceTree = "<group>"; };
		C45C86B015F63DAE00108749 /* greenButton@2x.png */ = {isa = PBXFileReference; lastKnownFileType = image.png; name = "greenButton@2x.png"; path = "Resources/greenButton@2x.png"; sourceTree = "<group>"; };
		C45C86B115F63DAE00108749 /* greenButtonHighlight.png */ = {isa = PBXFileReference; lastKnownFileType = image.png; name = greenButtonHighlight.png; path = Resources/greenButtonHighlight.png; sourceTree = "<group>"; };
		C45C86B215F63DAE00108749 /* greenButtonHighlight@2x.png */ = {isa = PBXFileReference; lastKnownFileType = image.png; name = "greenButtonHighlight@2x.png"; path = "Resources/greenButtonHighlight@2x.png"; sourceTree = "<group>"; };
		C462BDAA15C95A8700170E3C /* IRSOT Seminars.app */ = {isa = PBXFileReference; explicitFileType = wrapper.application; includeInIndex = 0; path = "IRSOT Seminars.app"; sourceTree = BUILT_PRODUCTS_DIR; };
		C462BDAE15C95A8700170E3C /* UIKit.framework */ = {isa = PBXFileReference; lastKnownFileType = wrapper.framework; name = UIKit.framework; path = System/Library/Frameworks/UIKit.framework; sourceTree = SDKROOT; };
		C462BDB015C95A8700170E3C /* Foundation.framework */ = {isa = PBXFileReference; lastKnownFileType = wrapper.framework; name = Foundation.framework; path = System/Library/Frameworks/Foundation.framework; sourceTree = SDKROOT; };
		C462BDB215C95A8700170E3C /* CoreGraphics.framework */ = {isa = PBXFileReference; lastKnownFileType = wrapper.framework; name = CoreGraphics.framework; path = System/Library/Frameworks/CoreGraphics.framework; sourceTree = SDKROOT; };
		C462BDB415C95A8700170E3C /* CoreData.framework */ = {isa = PBXFileReference; lastKnownFileType = wrapper.framework; name = CoreData.framework; path = System/Library/Frameworks/CoreData.framework; sourceTree = SDKROOT; };
		C462BDB815C95A8700170E3C /* IRSOT Seminars-Info.plist */ = {isa = PBXFileReference; lastKnownFileType = text.plist.xml; path = "IRSOT Seminars-Info.plist"; sourceTree = "<group>"; };
		C462BDBA15C95A8700170E3C /* en */ = {isa = PBXFileReference; lastKnownFileType = text.plist.strings; name = en; path = en.lproj/InfoPlist.strings; sourceTree = "<group>"; };
		C462BDBC15C95A8700170E3C /* main.m */ = {isa = PBXFileReference; lastKnownFileType = sourcecode.c.objc; path = main.m; sourceTree = "<group>"; };
		C462BDBE15C95A8700170E3C /* IRSOT Seminars-Prefix.pch */ = {isa = PBXFileReference; lastKnownFileType = sourcecode.c.h; path = "IRSOT Seminars-Prefix.pch"; sourceTree = "<group>"; };
		C462BDBF15C95A8700170E3C /* ISAppDelegate.h */ = {isa = PBXFileReference; lastKnownFileType = sourcecode.c.h; path = ISAppDelegate.h; sourceTree = "<group>"; };
		C462BDC015C95A8700170E3C /* ISAppDelegate.m */ = {isa = PBXFileReference; lastKnownFileType = sourcecode.c.objc; path = ISAppDelegate.m; sourceTree = "<group>"; };
		C462BDC315C95A8700170E3C /* en */ = {isa = PBXFileReference; lastKnownFileType = file.storyboard; name = en; path = en.lproj/MainStoryboard_iPhone.storyboard; sourceTree = "<group>"; };
		C462BDC615C95A8700170E3C /* en */ = {isa = PBXFileReference; lastKnownFileType = file.storyboard; name = en; path = en.lproj/MainStoryboard_iPad.storyboard; sourceTree = "<group>"; };
		C462BDC915C95A8700170E3C /* IRSOT_Seminars.xcdatamodel */ = {isa = PBXFileReference; lastKnownFileType = wrapper.xcdatamodel; path = IRSOT_Seminars.xcdatamodel; sourceTree = "<group>"; };
		C462BDCB15C95A8700170E3C /* ISMasterViewController.h */ = {isa = PBXFileReference; lastKnownFileType = sourcecode.c.h; path = ISMasterViewController.h; sourceTree = "<group>"; };
		C462BDCC15C95A8700170E3C /* ISMasterViewController.m */ = {isa = PBXFileReference; lastKnownFileType = sourcecode.c.objc; path = ISMasterViewController.m; sourceTree = "<group>"; };
		C462BDCE15C95A8700170E3C /* ISDetailViewController.h */ = {isa = PBXFileReference; lastKnownFileType = sourcecode.c.h; path = ISDetailViewController.h; sourceTree = "<group>"; };
		C462BDCF15C95A8700170E3C /* ISDetailViewController.m */ = {isa = PBXFileReference; lastKnownFileType = sourcecode.c.objc; path = ISDetailViewController.m; sourceTree = "<group>"; };
		C462BDD915C95B7300170E3C /* ISMainPageViewController.h */ = {isa = PBXFileReference; fileEncoding = 4; lastKnownFileType = sourcecode.c.h; path = ISMainPageViewController.h; sourceTree = "<group>"; };
		C462BDDA15C95B7300170E3C /* ISMainPageViewController.m */ = {isa = PBXFileReference; fileEncoding = 4; lastKnownFileType = sourcecode.c.objc; path = ISMainPageViewController.m; sourceTree = "<group>"; };
		C465875B15F8FFDD00AA2B6B /* IRSOT_Seminars 5.xcdatamodel */ = {isa = PBXFileReference; lastKnownFileType = wrapper.xcdatamodel; path = "IRSOT_Seminars 5.xcdatamodel"; sourceTree = "<group>"; };
		C465875C15F9001800AA2B6B /* Lector.h */ = {isa = PBXFileReference; fileEncoding = 4; lastKnownFileType = sourcecode.c.h; path = Lector.h; sourceTree = "<group>"; };
		C465875D15F9001800AA2B6B /* Lector.m */ = {isa = PBXFileReference; fileEncoding = 4; lastKnownFileType = sourcecode.c.objc; path = Lector.m; sourceTree = "<group>"; };
		C465875F15F9001800AA2B6B /* Term.h */ = {isa = PBXFileReference; fileEncoding = 4; lastKnownFileType = sourcecode.c.h; path = Term.h; sourceTree = "<group>"; };
		C465876015F9001800AA2B6B /* Term.m */ = {isa = PBXFileReference; fileEncoding = 4; lastKnownFileType = sourcecode.c.objc; path = Term.m; sourceTree = "<group>"; };
		C465876215F9001800AA2B6B /* Type.h */ = {isa = PBXFileReference; fileEncoding = 4; lastKnownFileType = sourcecode.c.h; path = Type.h; sourceTree = "<group>"; };
		C465876315F9001800AA2B6B /* Type.m */ = {isa = PBXFileReference; fileEncoding = 4; lastKnownFileType = sourcecode.c.objc; path = Type.m; sourceTree = "<group>"; };
		C465876515F9001800AA2B6B /* Seminar.h */ = {isa = PBXFileReference; fileEncoding = 4; lastKnownFileType = sourcecode.c.h; path = Seminar.h; sourceTree = "<group>"; };
		C465876615F9001800AA2B6B /* Seminar.m */ = {isa = PBXFileReference; fileEncoding = 4; lastKnownFileType = sourcecode.c.objc; path = Seminar.m; sourceTree = "<group>"; };
		C465876815F9001800AA2B6B /* Sections.h */ = {isa = PBXFileReference; fileEncoding = 4; lastKnownFileType = sourcecode.c.h; path = Sections.h; sourceTree = "<group>"; };
		C465876915F9001800AA2B6B /* Sections.m */ = {isa = PBXFileReference; fileEncoding = 4; lastKnownFileType = sourcecode.c.objc; path = Sections.m; sourceTree = "<group>"; };
		C46A618115DD2E2D0093C39E /* SystemConfiguration.framework */ = {isa = PBXFileReference; lastKnownFileType = wrapper.framework; name = SystemConfiguration.framework; path = System/Library/Frameworks/SystemConfiguration.framework; sourceTree = SDKROOT; };
		C46E89B61610C83E00D5CAEE /* Default-568h@2x.png */ = {isa = PBXFileReference; lastKnownFileType = image.png; name = "Default-568h@2x.png"; path = "../Default-568h@2x.png"; sourceTree = "<group>"; };
		C483E40A15D2ADD1001A41FB /* ISLectorListTableViewController.h */ = {isa = PBXFileReference; fileEncoding = 4; lastKnownFileType = sourcecode.c.h; path = ISLectorListTableViewController.h; sourceTree = "<group>"; };
		C483E40B15D2ADD1001A41FB /* ISLectorListTableViewController.m */ = {isa = PBXFileReference; fileEncoding = 4; lastKnownFileType = sourcecode.c.objc; path = ISLectorListTableViewController.m; sourceTree = "<group>"; };
		C483E40D15D2C393001A41FB /* Helper.h */ = {isa = PBXFileReference; fileEncoding = 4; lastKnownFileType = sourcecode.c.h; path = Helper.h; sourceTree = "<group>"; };
		C483E40E15D2C393001A41FB /* Helper.m */ = {isa = PBXFileReference; fileEncoding = 4; lastKnownFileType = sourcecode.c.objc; path = Helper.m; sourceTree = "<group>"; };
		C4871E1915E3CFB60003F0D5 /* ru */ = {isa = PBXFileReference; lastKnownFileType = text.plist.strings; name = ru; path = ru.lproj/InfoPlist.strings; sourceTree = "<group>"; };
		C48F96F615CC46D400F4AA51 /* Seminar+Load_Data.h */ = {isa = PBXFileReference; fileEncoding = 4; lastKnownFileType = sourcecode.c.h; path = "Seminar+Load_Data.h"; sourceTree = "<group>"; };
		C48F96F715CC46D400F4AA51 /* Seminar+Load_Data.m */ = {isa = PBXFileReference; fileEncoding = 4; lastKnownFileType = sourcecode.c.objc; path = "Seminar+Load_Data.m"; sourceTree = "<group>"; };
		C48F971115CC519E00F4AA51 /* Lector+Load_Data.h */ = {isa = PBXFileReference; fileEncoding = 4; lastKnownFileType = sourcecode.c.h; path = "Lector+Load_Data.h"; sourceTree = "<group>"; };
		C48F971215CC519E00F4AA51 /* Lector+Load_Data.m */ = {isa = PBXFileReference; fileEncoding = 4; lastKnownFileType = sourcecode.c.objc; path = "Lector+Load_Data.m"; sourceTree = "<group>"; };
		C48F972015CC663400F4AA51 /* ISSeminarViewController.h */ = {isa = PBXFileReference; fileEncoding = 4; lastKnownFileType = sourcecode.c.h; path = ISSeminarViewController.h; sourceTree = "<group>"; };
		C48F972115CC663400F4AA51 /* ISSeminarViewController.m */ = {isa = PBXFileReference; fileEncoding = 4; lastKnownFileType = sourcecode.c.objc; path = ISSeminarViewController.m; sourceTree = "<group>"; };
		C4C6DD1715E0274E003292C8 /* IRSOT_Seminars 2.xcdatamodel */ = {isa = PBXFileReference; lastKnownFileType = wrapper.xcdatamodel; path = "IRSOT_Seminars 2.xcdatamodel"; sourceTree = "<group>"; };
		C4D7CEEE15D3F1440003F90C /* twitter-iPhone.png */ = {isa = PBXFileReference; lastKnownFileType = image.png; name = "twitter-iPhone.png"; path = "icons/twitter-iPhone.png"; sourceTree = "<group>"; };
		C4D7CEEF15D3F1440003F90C /* twitter-iPhone@2x.png */ = {isa = PBXFileReference; lastKnownFileType = image.png; name = "twitter-iPhone@2x.png"; path = "icons/twitter-iPhone@2x.png"; sourceTree = "<group>"; };
		C4D7CEF315D3F1A60003F90C /* ISNewsWebviewControllerViewController.h */ = {isa = PBXFileReference; fileEncoding = 4; lastKnownFileType = sourcecode.c.h; path = ISNewsWebviewControllerViewController.h; sourceTree = "<group>"; };
		C4D7CEF415D3F1A60003F90C /* ISNewsWebviewControllerViewController.m */ = {isa = PBXFileReference; fileEncoding = 4; lastKnownFileType = sourcecode.c.objc; path = ISNewsWebviewControllerViewController.m; sourceTree = "<group>"; };
		C4DE787E15C95C02007FBEC4 /* ISInfoTableViewController.h */ = {isa = PBXFileReference; fileEncoding = 4; lastKnownFileType = sourcecode.c.h; path = ISInfoTableViewController.h; sourceTree = "<group>"; };
		C4DE787F15C95C02007FBEC4 /* ISInfoTableViewController.m */ = {isa = PBXFileReference; fileEncoding = 4; lastKnownFileType = sourcecode.c.objc; path = ISInfoTableViewController.m; sourceTree = "<group>"; };
		C4DE788215C95C42007FBEC4 /* ISWebviewViewController.h */ = {isa = PBXFileReference; fileEncoding = 4; lastKnownFileType = sourcecode.c.h; path = ISWebviewViewController.h; sourceTree = "<group>"; };
		C4DE788315C95C42007FBEC4 /* ISWebviewViewController.m */ = {isa = PBXFileReference; fileEncoding = 4; lastKnownFileType = sourcecode.c.objc; path = ISWebviewViewController.m; sourceTree = "<group>"; };
		C4DE788515C95C96007FBEC4 /* ISSettingsViewController.h */ = {isa = PBXFileReference; fileEncoding = 4; lastKnownFileType = sourcecode.c.h; path = ISSettingsViewController.h; sourceTree = "<group>"; };
		C4DE788615C95C96007FBEC4 /* ISSettingsViewController.m */ = {isa = PBXFileReference; fileEncoding = 4; lastKnownFileType = sourcecode.c.objc; path = ISSettingsViewController.m; sourceTree = "<group>"; };
		C4DE788815C95D26007FBEC4 /* ISSeminarListTableViewController.h */ = {isa = PBXFileReference; fileEncoding = 4; lastKnownFileType = sourcecode.c.h; path = ISSeminarListTableViewController.h; sourceTree = "<group>"; };
		C4DE788915C95D26007FBEC4 /* ISSeminarListTableViewController.m */ = {isa = PBXFileReference; fileEncoding = 4; lastKnownFileType = sourcecode.c.objc; path = ISSeminarListTableViewController.m; sourceTree = "<group>"; };
		C4DE788E15C95E34007FBEC4 /* Info Links.plist */ = {isa = PBXFileReference; fileEncoding = 4; lastKnownFileType = text.plist.xml; path = "Info Links.plist"; sourceTree = "<group>"; };
		C4DE789015C96EF3007FBEC4 /* SeminarFetcher.h */ = {isa = PBXFileReference; fileEncoding = 4; lastKnownFileType = sourcecode.c.h; path = SeminarFetcher.h; sourceTree = "<group>"; };
		C4DE789115C96EF3007FBEC4 /* SeminarFetcher.m */ = {isa = PBXFileReference; fileEncoding = 4; lastKnownFileType = sourcecode.c.objc; path = SeminarFetcher.m; sourceTree = "<group>"; };
		C4E5122915F680E9007DD40E /* light-hash-background@2x~iPad.png */ = {isa = PBXFileReference; lastKnownFileType = image.png; name = "light-hash-background@2x~iPad.png"; path = "Resources/light-hash-background@2x~iPad.png"; sourceTree = "<group>"; };
		C4E5122A15F680E9007DD40E /* light-hash-background~iPad.png */ = {isa = PBXFileReference; lastKnownFileType = image.png; name = "light-hash-background~iPad.png"; path = "Resources/light-hash-background~iPad.png"; sourceTree = "<group>"; };
		C4F9EEA315ECF8E3008BA56D /* IRSOT_Seminars 4.xcdatamodel */ = {isa = PBXFileReference; lastKnownFileType = wrapper.xcdatamodel; path = "IRSOT_Seminars 4.xcdatamodel"; sourceTree = "<group>"; };
		C4F9EEB115ED12DA008BA56D /* profile-icon~iPad.png */ = {isa = PBXFileReference; lastKnownFileType = image.png; name = "profile-icon~iPad.png"; path = "icons/profile-icon~iPad.png"; sourceTree = "<group>"; };
		C4F9EEB215ED12DA008BA56D /* profile-icon@2x~iPad.png */ = {isa = PBXFileReference; lastKnownFileType = image.png; name = "profile-icon@2x~iPad.png"; path = "icons/profile-icon@2x~iPad.png"; sourceTree = "<group>"; };
		C4F9EEB315ED12DA008BA56D /* profile-icon.png */ = {isa = PBXFileReference; lastKnownFileType = image.png; name = "profile-icon.png"; path = "icons/profile-icon.png"; sourceTree = "<group>"; };
		C4F9EEB415ED12DA008BA56D /* profile-icon@2x.png */ = {isa = PBXFileReference; lastKnownFileType = image.png; name = "profile-icon@2x.png"; path = "icons/profile-icon@2x.png"; sourceTree = "<group>"; };
/* End PBXFileReference section */

/* Begin PBXFrameworksBuildPhase section */
		C462BDA715C95A8700170E3C /* Frameworks */ = {
			isa = PBXFrameworksBuildPhase;
			buildActionMask = 2147483647;
			files = (
				C42D426115E3D9650042E708 /* MapKit.framework in Frameworks */,
				C42D425F15E3D9600042E708 /* QuartzCore.framework in Frameworks */,
				C46A618215DD2E2D0093C39E /* SystemConfiguration.framework in Frameworks */,
				C462BDAF15C95A8700170E3C /* UIKit.framework in Frameworks */,
				C462BDB115C95A8700170E3C /* Foundation.framework in Frameworks */,
				C462BDB315C95A8700170E3C /* CoreGraphics.framework in Frameworks */,
				C462BDB515C95A8700170E3C /* CoreData.framework in Frameworks */,
				C423682F15DEBBFF0066B1D7 /* Twitter.framework in Frameworks */,
				C423682D15DEBBF70066B1D7 /* CoreLocation.framework in Frameworks */,
				C423682B15DEBBEF0066B1D7 /* CFNetwork.framework in Frameworks */,
				C423682915DEBBE70066B1D7 /* MessageUI.framework in Frameworks */,
				C423682715DEBBDF0066B1D7 /* Security.framework in Frameworks */,
				C423682415DEBAFE0066B1D7 /* libShareKit.a in Frameworks */,
				C42D425815E3D86D0042E708 /* libTapkuLibrary.a in Frameworks */,
			);
			runOnlyForDeploymentPostprocessing = 0;
		};
/* End PBXFrameworksBuildPhase section */

/* Begin PBXGroup section */
		C40D8F1715CBD8730048ABF4 /* CoreData */ = {
			isa = PBXGroup;
			children = (
				C462BDC815C95A8700170E3C /* IRSOT_Seminars.xcdatamodeld */,
				C465875C15F9001800AA2B6B /* Lector.h */,
				C465875D15F9001800AA2B6B /* Lector.m */,
				C465876815F9001800AA2B6B /* Sections.h */,
				C465876915F9001800AA2B6B /* Sections.m */,
				C465876515F9001800AA2B6B /* Seminar.h */,
				C465876615F9001800AA2B6B /* Seminar.m */,
				C465876215F9001800AA2B6B /* Type.h */,
				C465876315F9001800AA2B6B /* Type.m */,
				C465875F15F9001800AA2B6B /* Term.h */,
				C465876015F9001800AA2B6B /* Term.m */,
				C48F971115CC519E00F4AA51 /* Lector+Load_Data.h */,
				C48F971215CC519E00F4AA51 /* Lector+Load_Data.m */,
				C40D8F1815CBDBBB0048ABF4 /* Sections+Load_Data.h */,
				C40D8F1915CBDBBB0048ABF4 /* Sections+Load_Data.m */,
				C40D8F1B15CBDFB30048ABF4 /* Type+Load_Data.h */,
				C40D8F1C15CBDFB30048ABF4 /* Type+Load_Data.m */,
				C48F96F615CC46D400F4AA51 /* Seminar+Load_Data.h */,
				C48F96F715CC46D400F4AA51 /* Seminar+Load_Data.m */,
			);
			name = CoreData;
			sourceTree = "<group>";
		};
		C40D8F1E15CBEA350048ABF4 /* Contrib */ = {
			isa = PBXGroup;
			children = (
				C423683015DEBD380066B1D7 /* ReachabilityARC.h */,
				C423683115DEBD380066B1D7 /* ReachabilityARC.m */,
				C40D8F1F15CBEA5D0048ABF4 /* SVProgressHUD */,
			);
			name = Contrib;
			sourceTree = "<group>";
		};
		C40D8F1F15CBEA5D0048ABF4 /* SVProgressHUD */ = {
			isa = PBXGroup;
			children = (
				C40D8F2015CBEA5D0048ABF4 /* SVProgressHUD.bundle */,
				C40D8F2115CBEA5D0048ABF4 /* SVProgressHUD.h */,
				C40D8F2215CBEA5D0048ABF4 /* SVProgressHUD.m */,
			);
			path = SVProgressHUD;
			sourceTree = "<group>";
		};
		C415A30415CC95B0004BCD79 /* Bookmarks */ = {
			isa = PBXGroup;
			children = (
				C415A30015CC95A0004BCD79 /* ISBookmarksTableViewController.h */,
				C415A30115CC95A0004BCD79 /* ISBookmarksTableViewController.m */,
			);
			name = Bookmarks;
			sourceTree = "<group>";
		};
		C415A30C15CC996A004BCD79 /* Lector Views */ = {
			isa = PBXGroup;
			children = (
				C483E40A15D2ADD1001A41FB /* ISLectorListTableViewController.h */,
				C483E40B15D2ADD1001A41FB /* ISLectorListTableViewController.m */,
				C415A30915CC9952004BCD79 /* ISLectorViewController.h */,
				C415A30A15CC9952004BCD79 /* ISLectorViewController.m */,
			);
			name = "Lector Views";
			sourceTree = "<group>";
		};
		C41B5C7C15F4EC780079D940 /* Share */ = {
			isa = PBXGroup;
			children = (
				C41B5C7D15F4ECA20079D940 /* ISSHKConfigurator.h */,
				C41B5C7E15F4ECA20079D940 /* ISSHKConfigurator.m */,
			);
			name = Share;
			sourceTree = "<group>";
		};
		C4228C6415D1805600960BBA /* app icon */ = {
			isa = PBXGroup;
			children = (
				C4228C6215D12F2800960BBA /* irsot-icon-iPad.png */,
				C4228C6015D12F0D00960BBA /* irsot-icon-iPad@2x.png */,
				C4228C5E15D12EEF00960BBA /* irsot-icon-iPhone.png */,
				C4228C5B15D12ED500960BBA /* irsot-icon-iPhone@2x.png */,
			);
			name = "app icon";
			sourceTree = "<group>";
		};
		C423680D15DEBAB90066B1D7 /* Products */ = {
			isa = PBXGroup;
			children = (
				C423681815DEBABA0066B1D7 /* ShareKitDemo.app */,
				C423681A15DEBABA0066B1D7 /* libShareKit.a */,
				C423681C15DEBABA0066B1D7 /* ShareKit.bundle */,
				C423681E15DEBABA0066B1D7 /* libShareKitNoSubmodules.a */,
			);
			name = Products;
			sourceTree = "<group>";
		};
		C42B777A15D02CE500835E9F /* Helpers */ = {
			isa = PBXGroup;
			children = (
				C4DE789015C96EF3007FBEC4 /* SeminarFetcher.h */,
				C4DE789115C96EF3007FBEC4 /* SeminarFetcher.m */,
				C483E40D15D2C393001A41FB /* Helper.h */,
				C483E40E15D2C393001A41FB /* Helper.m */,
			);
			name = Helpers;
			sourceTree = "<group>";
		};
		C42D424D15E3D8620042E708 /* Products */ = {
			isa = PBXGroup;
			children = (
				C42D425515E3D8620042E708 /* libTapkuLibrary.a */,
				C42D425715E3D8620042E708 /* LogicTests.octest */,
			);
			name = Products;
			sourceTree = "<group>";
		};
		C456427815D25B53001C4024 /* icons */ = {
			isa = PBXGroup;
			children = (
				C40F52E715DD725E0022A9B5 /* back-iPhone.png */,
				C40F52E815DD725E0022A9B5 /* back-iPhone@2x.png */,
				C40F52E915DD725E0022A9B5 /* forward-iPhone.png */,
				C40F52EA15DD725E0022A9B5 /* forward-iPhone@2x.png */,
				C456427415D25AE2001C4024 /* gear-iPhone.png */,
				C456427515D25AE2001C4024 /* gear-iPhone@2x.png */,
				C456423515D25924001C4024 /* lectors-iPhone.png */,
				C456423615D25924001C4024 /* lectors-iPhone@2x.png */,
				C4D7CEEE15D3F1440003F90C /* twitter-iPhone.png */,
				C4D7CEEF15D3F1440003F90C /* twitter-iPhone@2x.png */,
				C4F9EEB115ED12DA008BA56D /* profile-icon~iPad.png */,
				C4F9EEB215ED12DA008BA56D /* profile-icon@2x~iPad.png */,
				C4F9EEB315ED12DA008BA56D /* profile-icon.png */,
				C4F9EEB415ED12DA008BA56D /* profile-icon@2x.png */,
			);
			name = icons;
			sourceTree = "<group>";
		};
		C45C864215F61C5900108749 /* Resources */ = {
			isa = PBXGroup;
			children = (
				C45C86AF15F63DAE00108749 /* greenButton.png */,
				C45C86B015F63DAE00108749 /* greenButton@2x.png */,
				C45C86B115F63DAE00108749 /* greenButtonHighlight.png */,
				C45C86B215F63DAE00108749 /* greenButtonHighlight@2x.png */,
				C45C869F15F63DA300108749 /* orangeButton.png */,
				C45C86A015F63DA300108749 /* orangeButton@2x.png */,
				C45C86A115F63DA300108749 /* orangeButtonHighlight.png */,
				C45C86A215F63DA300108749 /* orangeButtonHighlight@2x.png */,
				C45C86A315F63DA300108749 /* whiteButton.png */,
				C45C86A415F63DA300108749 /* whiteButton@2x.png */,
				C45C86A515F63DA300108749 /* whiteButtonHighlight.png */,
				C45C86A615F63DA300108749 /* whiteButtonHighlight@2x.png */,
				C45C864315F61C9D00108749 /* bg_texture.png */,
				C45C864415F61C9D00108749 /* bg_texture@2x.png */,
				C45C864D15F61C9D00108749 /* light-hash-background.png */,
				C45C864E15F61C9D00108749 /* light-hash-background@2x.png */,
				C4E5122915F680E9007DD40E /* light-hash-background@2x~iPad.png */,
				C4E5122A15F680E9007DD40E /* light-hash-background~iPad.png */,
			);
			name = Resources;
			sourceTree = "<group>";
		};
		C462BD9F15C95A8700170E3C = {
			isa = PBXGroup;
			children = (
				C462BDB615C95A8700170E3C /* IRSOT Seminars */,
				C4DE788D15C95DE0007FBEC4 /* Trash Views */,
				C462BDAD15C95A8700170E3C /* Frameworks */,
				C462BDAB15C95A8700170E3C /* Products */,
				C42D424C15E3D8620042E708 /* TapkuLibrary.xcodeproj */,
				C423680C15DEBAB90066B1D7 /* ShareKit.xcodeproj */,
			);
			sourceTree = "<group>";
		};
		C462BDAB15C95A8700170E3C /* Products */ = {
			isa = PBXGroup;
			children = (
				C462BDAA15C95A8700170E3C /* IRSOT Seminars.app */,
			);
			name = Products;
			sourceTree = "<group>";
		};
		C462BDAD15C95A8700170E3C /* Frameworks */ = {
			isa = PBXGroup;
			children = (
				C423682C15DEBBF70066B1D7 /* CoreLocation.framework */,
				C423682A15DEBBEF0066B1D7 /* CFNetwork.framework */,
				C423682815DEBBE70066B1D7 /* MessageUI.framework */,
				C423682615DEBBDF0066B1D7 /* Security.framework */,
				C46A618115DD2E2D0093C39E /* SystemConfiguration.framework */,
				C462BDAE15C95A8700170E3C /* UIKit.framework */,
				C462BDB015C95A8700170E3C /* Foundation.framework */,
				C462BDB215C95A8700170E3C /* CoreGraphics.framework */,
				C462BDB415C95A8700170E3C /* CoreData.framework */,
				C42D426015E3D9640042E708 /* MapKit.framework */,
				C42D425E15E3D9600042E708 /* QuartzCore.framework */,
				C423682E15DEBBFF0066B1D7 /* Twitter.framework */,
			);
			name = Frameworks;
			sourceTree = "<group>";
		};
		C462BDB615C95A8700170E3C /* IRSOT Seminars */ = {
			isa = PBXGroup;
			children = (
				C43AB41C15E2924E003813DF /* IRSOT Seminars.entitlements */,
				C40D8F1E15CBEA350048ABF4 /* Contrib */,
				C462BDC215C95A8700170E3C /* MainStoryboard_iPhone.storyboard */,
				C462BDC515C95A8700170E3C /* MainStoryboard_iPad.storyboard */,
				C42B777A15D02CE500835E9F /* Helpers */,
				C40D8F1715CBD8730048ABF4 /* CoreData */,
				C4DE788B15C95DC1007FBEC4 /* Main Views */,
				C415A30415CC95B0004BCD79 /* Bookmarks */,
				C415A30C15CC996A004BCD79 /* Lector Views */,
				C4DE788C15C95DCA007FBEC4 /* Info */,
				C41B5C7C15F4EC780079D940 /* Share */,
				C4D7CEF315D3F1A60003F90C /* ISNewsWebviewControllerViewController.h */,
				C4D7CEF415D3F1A60003F90C /* ISNewsWebviewControllerViewController.m */,
				C462BDB715C95A8700170E3C /* Supporting Files */,
			);
			path = "IRSOT Seminars";
			sourceTree = "<group>";
		};
		C462BDB715C95A8700170E3C /* Supporting Files */ = {
			isa = PBXGroup;
			children = (
				C45C864215F61C5900108749 /* Resources */,
				C456427815D25B53001C4024 /* icons */,
				C4228C6415D1805600960BBA /* app icon */,
				C4DE788E15C95E34007FBEC4 /* Info Links.plist */,
				C46E89B61610C83E00D5CAEE /* Default-568h@2x.png */,
				C462BDB815C95A8700170E3C /* IRSOT Seminars-Info.plist */,
				C462BDB915C95A8700170E3C /* InfoPlist.strings */,
				C462BDBF15C95A8700170E3C /* ISAppDelegate.h */,
				C462BDC015C95A8700170E3C /* ISAppDelegate.m */,
				C462BDBC15C95A8700170E3C /* main.m */,
				C462BDBE15C95A8700170E3C /* IRSOT Seminars-Prefix.pch */,
			);
			name = "Supporting Files";
			sourceTree = "<group>";
		};
		C4DE788B15C95DC1007FBEC4 /* Main Views */ = {
			isa = PBXGroup;
			children = (
				C462BDD915C95B7300170E3C /* ISMainPageViewController.h */,
				C462BDDA15C95B7300170E3C /* ISMainPageViewController.m */,
				C42D425B15E3D8A10042E708 /* ISCalendarViewController.h */,
				C42D425C15E3D8A10042E708 /* ISCalendarViewController.m */,
				C4DE788815C95D26007FBEC4 /* ISSeminarListTableViewController.h */,
				C4DE788915C95D26007FBEC4 /* ISSeminarListTableViewController.m */,
				C48F972015CC663400F4AA51 /* ISSeminarViewController.h */,
				C48F972115CC663400F4AA51 /* ISSeminarViewController.m */,
				C4DE788515C95C96007FBEC4 /* ISSettingsViewController.h */,
				C4DE788615C95C96007FBEC4 /* ISSettingsViewController.m */,
			);
			name = "Main Views";
			sourceTree = "<group>";
		};
		C4DE788C15C95DCA007FBEC4 /* Info */ = {
			isa = PBXGroup;
			children = (
				C4DE787E15C95C02007FBEC4 /* ISInfoTableViewController.h */,
				C4DE787F15C95C02007FBEC4 /* ISInfoTableViewController.m */,
				C4DE788215C95C42007FBEC4 /* ISWebviewViewController.h */,
				C4DE788315C95C42007FBEC4 /* ISWebviewViewController.m */,
			);
			name = Info;
			sourceTree = "<group>";
		};
		C4DE788D15C95DE0007FBEC4 /* Trash Views */ = {
			isa = PBXGroup;
			children = (
				C462BDCB15C95A8700170E3C /* ISMasterViewController.h */,
				C462BDCC15C95A8700170E3C /* ISMasterViewController.m */,
				C462BDCE15C95A8700170E3C /* ISDetailViewController.h */,
				C462BDCF15C95A8700170E3C /* ISDetailViewController.m */,
			);
			name = "Trash Views";
			path = "IRSOT Seminars";
			sourceTree = "<group>";
		};
/* End PBXGroup section */

/* Begin PBXNativeTarget section */
		C462BDA915C95A8700170E3C /* IRSOT Seminars */ = {
			isa = PBXNativeTarget;
			buildConfigurationList = C462BDD315C95A8700170E3C /* Build configuration list for PBXNativeTarget "IRSOT Seminars" */;
			buildPhases = (
				C462BDA615C95A8700170E3C /* Sources */,
				C462BDA715C95A8700170E3C /* Frameworks */,
				C462BDA815C95A8700170E3C /* Resources */,
			);
			buildRules = (
			);
			dependencies = (
				C423682315DEBAED0066B1D7 /* PBXTargetDependency */,
				C42D425A15E3D8750042E708 /* PBXTargetDependency */,
				C423682115DEBAE80066B1D7 /* PBXTargetDependency */,
			);
			name = "IRSOT Seminars";
			productName = "IRSOT Seminars";
			productReference = C462BDAA15C95A8700170E3C /* IRSOT Seminars.app */;
			productType = "com.apple.product-type.application";
		};
/* End PBXNativeTarget section */

/* Begin PBXProject section */
		C462BDA115C95A8700170E3C /* Project object */ = {
			isa = PBXProject;
			attributes = {
				CLASSPREFIX = IS;
				LastUpgradeCheck = 0440;
				ORGANIZATIONNAME = IRSOT;
			};
			buildConfigurationList = C462BDA415C95A8700170E3C /* Build configuration list for PBXProject "IRSOT Seminars" */;
			compatibilityVersion = "Xcode 3.2";
			developmentRegion = English;
			hasScannedForEncodings = 0;
			knownRegions = (
				en,
				Base,
			);
			mainGroup = C462BD9F15C95A8700170E3C;
			productRefGroup = C462BDAB15C95A8700170E3C /* Products */;
			projectDirPath = "";
			projectReferences = (
				{
					ProductGroup = C423680D15DEBAB90066B1D7 /* Products */;
					ProjectRef = C423680C15DEBAB90066B1D7 /* ShareKit.xcodeproj */;
				},
				{
					ProductGroup = C42D424D15E3D8620042E708 /* Products */;
					ProjectRef = C42D424C15E3D8620042E708 /* TapkuLibrary.xcodeproj */;
				},
			);
			projectRoot = "";
			targets = (
				C462BDA915C95A8700170E3C /* IRSOT Seminars */,
			);
		};
/* End PBXProject section */

/* Begin PBXReferenceProxy section */
		C423681815DEBABA0066B1D7 /* ShareKitDemo.app */ = {
			isa = PBXReferenceProxy;
			fileType = wrapper.application;
			path = ShareKitDemo.app;
			remoteRef = C423681715DEBABA0066B1D7 /* PBXContainerItemProxy */;
			sourceTree = BUILT_PRODUCTS_DIR;
		};
		C423681A15DEBABA0066B1D7 /* libShareKit.a */ = {
			isa = PBXReferenceProxy;
			fileType = archive.ar;
			path = libShareKit.a;
			remoteRef = C423681915DEBABA0066B1D7 /* PBXContainerItemProxy */;
			sourceTree = BUILT_PRODUCTS_DIR;
		};
		C423681C15DEBABA0066B1D7 /* ShareKit.bundle */ = {
			isa = PBXReferenceProxy;
			fileType = wrapper.cfbundle;
			path = ShareKit.bundle;
			remoteRef = C423681B15DEBABA0066B1D7 /* PBXContainerItemProxy */;
			sourceTree = BUILT_PRODUCTS_DIR;
		};
		C423681E15DEBABA0066B1D7 /* libShareKitNoSubmodules.a */ = {
			isa = PBXReferenceProxy;
			fileType = archive.ar;
			path = libShareKitNoSubmodules.a;
			remoteRef = C423681D15DEBABA0066B1D7 /* PBXContainerItemProxy */;
			sourceTree = BUILT_PRODUCTS_DIR;
		};
		C42D425515E3D8620042E708 /* libTapkuLibrary.a */ = {
			isa = PBXReferenceProxy;
			fileType = archive.ar;
			path = libTapkuLibrary.a;
			remoteRef = C42D425415E3D8620042E708 /* PBXContainerItemProxy */;
			sourceTree = BUILT_PRODUCTS_DIR;
		};
		C42D425715E3D8620042E708 /* LogicTests.octest */ = {
			isa = PBXReferenceProxy;
			fileType = wrapper.cfbundle;
			path = LogicTests.octest;
			remoteRef = C42D425615E3D8620042E708 /* PBXContainerItemProxy */;
			sourceTree = BUILT_PRODUCTS_DIR;
		};
/* End PBXReferenceProxy section */

/* Begin PBXResourcesBuildPhase section */
		C462BDA815C95A8700170E3C /* Resources */ = {
			isa = PBXResourcesBuildPhase;
			buildActionMask = 2147483647;
			files = (
				C462BDBB15C95A8700170E3C /* InfoPlist.strings in Resources */,
				C462BDC415C95A8700170E3C /* MainStoryboard_iPhone.storyboard in Resources */,
				C462BDC715C95A8700170E3C /* MainStoryboard_iPad.storyboard in Resources */,
				C4DE788F15C95E34007FBEC4 /* Info Links.plist in Resources */,
				C40D8F2315CBEA5D0048ABF4 /* SVProgressHUD.bundle in Resources */,
				C423682515DEBB350066B1D7 /* ShareKit.bundle in Resources */,
				C4228C5C15D12ED500960BBA /* irsot-icon-iPhone@2x.png in Resources */,
				C4228C5F15D12EEF00960BBA /* irsot-icon-iPhone.png in Resources */,
				C4228C6115D12F0D00960BBA /* irsot-icon-iPad@2x.png in Resources */,
				C4228C6315D12F2800960BBA /* irsot-icon-iPad.png in Resources */,
				C456423715D25924001C4024 /* lectors-iPhone.png in Resources */,
				C456423815D25924001C4024 /* lectors-iPhone@2x.png in Resources */,
				C456427615D25AE2001C4024 /* gear-iPhone.png in Resources */,
				C456427715D25AE2001C4024 /* gear-iPhone@2x.png in Resources */,
				C4D7CEF015D3F1440003F90C /* twitter-iPhone.png in Resources */,
				C4D7CEF115D3F1440003F90C /* twitter-iPhone@2x.png in Resources */,
				C40F52EB15DD725E0022A9B5 /* back-iPhone.png in Resources */,
				C40F52EC15DD725E0022A9B5 /* back-iPhone@2x.png in Resources */,
				C40F52ED15DD725E0022A9B5 /* forward-iPhone.png in Resources */,
				C40F52EE15DD725E0022A9B5 /* forward-iPhone@2x.png in Resources */,
				C4F9EEB515ED12DA008BA56D /* profile-icon~iPad.png in Resources */,
				C4F9EEB615ED12DA008BA56D /* profile-icon@2x~iPad.png in Resources */,
				C4F9EEB715ED12DA008BA56D /* profile-icon.png in Resources */,
				C4F9EEB815ED12DA008BA56D /* profile-icon@2x.png in Resources */,
				C45C864F15F61C9D00108749 /* bg_texture.png in Resources */,
				C45C865015F61C9D00108749 /* bg_texture@2x.png in Resources */,
				C45C865915F61C9D00108749 /* light-hash-background.png in Resources */,
				C45C865A15F61C9D00108749 /* light-hash-background@2x.png in Resources */,
				C45C86A715F63DA300108749 /* orangeButton.png in Resources */,
				C45C86A815F63DA300108749 /* orangeButton@2x.png in Resources */,
				C45C86A915F63DA300108749 /* orangeButtonHighlight.png in Resources */,
				C45C86AA15F63DA300108749 /* orangeButtonHighlight@2x.png in Resources */,
				C45C86AB15F63DA300108749 /* whiteButton.png in Resources */,
				C45C86AC15F63DA300108749 /* whiteButton@2x.png in Resources */,
				C45C86AD15F63DA300108749 /* whiteButtonHighlight.png in Resources */,
				C45C86AE15F63DA300108749 /* whiteButtonHighlight@2x.png in Resources */,
				C45C86B315F63DAE00108749 /* greenButton.png in Resources */,
				C45C86B415F63DAE00108749 /* greenButton@2x.png in Resources */,
				C45C86B515F63DAE00108749 /* greenButtonHighlight.png in Resources */,
				C45C86B615F63DAE00108749 /* greenButtonHighlight@2x.png in Resources */,
				C4E5122B15F680E9007DD40E /* light-hash-background@2x~iPad.png in Resources */,
				C4E5122C15F680E9007DD40E /* light-hash-background~iPad.png in Resources */,
				C46E89B71610C83E00D5CAEE /* Default-568h@2x.png in Resources */,
			);
			runOnlyForDeploymentPostprocessing = 0;
		};
/* End PBXResourcesBuildPhase section */

/* Begin PBXSourcesBuildPhase section */
		C462BDA615C95A8700170E3C /* Sources */ = {
			isa = PBXSourcesBuildPhase;
			buildActionMask = 2147483647;
			files = (
				C462BDBD15C95A8700170E3C /* main.m in Sources */,
				C462BDC115C95A8700170E3C /* ISAppDelegate.m in Sources */,
				C462BDCA15C95A8700170E3C /* IRSOT_Seminars.xcdatamodeld in Sources */,
				C462BDCD15C95A8700170E3C /* ISMasterViewController.m in Sources */,
				C462BDD015C95A8700170E3C /* ISDetailViewController.m in Sources */,
				C462BDDB15C95B7300170E3C /* ISMainPageViewController.m in Sources */,
				C4DE788015C95C02007FBEC4 /* ISInfoTableViewController.m in Sources */,
				C4DE788415C95C42007FBEC4 /* ISWebviewViewController.m in Sources */,
				C4DE788715C95C96007FBEC4 /* ISSettingsViewController.m in Sources */,
				C4DE788A15C95D26007FBEC4 /* ISSeminarListTableViewController.m in Sources */,
				C4DE789215C96EF3007FBEC4 /* SeminarFetcher.m in Sources */,
				C40D8F1A15CBDBBB0048ABF4 /* Sections+Load_Data.m in Sources */,
				C40D8F1D15CBDFB30048ABF4 /* Type+Load_Data.m in Sources */,
				C40D8F2415CBEA5D0048ABF4 /* SVProgressHUD.m in Sources */,
				C48F96F815CC46D400F4AA51 /* Seminar+Load_Data.m in Sources */,
				C48F971315CC519E00F4AA51 /* Lector+Load_Data.m in Sources */,
				C48F972215CC663400F4AA51 /* ISSeminarViewController.m in Sources */,
				C415A30215CC95A0004BCD79 /* ISBookmarksTableViewController.m in Sources */,
				C415A30B15CC9952004BCD79 /* ISLectorViewController.m in Sources */,
				C483E40C15D2ADD1001A41FB /* ISLectorListTableViewController.m in Sources */,
				C483E40F15D2C393001A41FB /* Helper.m in Sources */,
				C4D7CEF515D3F1A60003F90C /* ISNewsWebviewControllerViewController.m in Sources */,
				C423683215DEBD380066B1D7 /* ReachabilityARC.m in Sources */,
				C42D425D15E3D8A10042E708 /* ISCalendarViewController.m in Sources */,
				C41B5C7F15F4ECA20079D940 /* ISSHKConfigurator.m in Sources */,
				C465875E15F9001800AA2B6B /* Lector.m in Sources */,
				C465876115F9001800AA2B6B /* Term.m in Sources */,
				C465876415F9001800AA2B6B /* Type.m in Sources */,
				C465876715F9001800AA2B6B /* Seminar.m in Sources */,
				C465876A15F9001800AA2B6B /* Sections.m in Sources */,
			);
			runOnlyForDeploymentPostprocessing = 0;
		};
/* End PBXSourcesBuildPhase section */

/* Begin PBXTargetDependency section */
		C423682115DEBAE80066B1D7 /* PBXTargetDependency */ = {
			isa = PBXTargetDependency;
			name = "Static Library";
			targetProxy = C423682015DEBAE80066B1D7 /* PBXContainerItemProxy */;
		};
		C423682315DEBAED0066B1D7 /* PBXTargetDependency */ = {
			isa = PBXTargetDependency;
			name = "Resource Bundle";
			targetProxy = C423682215DEBAED0066B1D7 /* PBXContainerItemProxy */;
		};
		C42D425A15E3D8750042E708 /* PBXTargetDependency */ = {
			isa = PBXTargetDependency;
			name = TapkuLibrary;
			targetProxy = C42D425915E3D8750042E708 /* PBXContainerItemProxy */;
		};
/* End PBXTargetDependency section */

/* Begin PBXVariantGroup section */
		C462BDB915C95A8700170E3C /* InfoPlist.strings */ = {
			isa = PBXVariantGroup;
			children = (
				C462BDBA15C95A8700170E3C /* en */,
				C4871E1915E3CFB60003F0D5 /* ru */,
			);
			name = InfoPlist.strings;
			sourceTree = "<group>";
		};
		C462BDC215C95A8700170E3C /* MainStoryboard_iPhone.storyboard */ = {
			isa = PBXVariantGroup;
			children = (
				C462BDC315C95A8700170E3C /* en */,
				C423BC1516121940005C5A26 /* Base */,
			);
			name = MainStoryboard_iPhone.storyboard;
			sourceTree = "<group>";
		};
		C462BDC515C95A8700170E3C /* MainStoryboard_iPad.storyboard */ = {
			isa = PBXVariantGroup;
			children = (
				C462BDC615C95A8700170E3C /* en */,
				C423BC1616121940005C5A26 /* Base */,
			);
			name = MainStoryboard_iPad.storyboard;
			sourceTree = "<group>";
		};
/* End PBXVariantGroup section */

/* Begin XCBuildConfiguration section */
		C462BDD115C95A8700170E3C /* Debug */ = {
			isa = XCBuildConfiguration;
			buildSettings = {
				ALWAYS_SEARCH_USER_PATHS = NO;
				ARCHS = "$(ARCHS_STANDARD_32_BIT)";
				CLANG_CXX_LANGUAGE_STANDARD = "gnu++0x";
				CLANG_ENABLE_OBJC_ARC = YES;
				CLANG_WARN__DUPLICATE_METHOD_MATCH = YES;
				"CODE_SIGN_IDENTITY[sdk=iphoneos*]" = "iPhone Developer";
				COPY_PHASE_STRIP = NO;
				GCC_C_LANGUAGE_STANDARD = gnu99;
				GCC_DYNAMIC_NO_PIC = NO;
				GCC_OPTIMIZATION_LEVEL = 0;
				GCC_PREPROCESSOR_DEFINITIONS = (
					"DEBUG=1",
					"$(inherited)",
				);
				GCC_SYMBOLS_PRIVATE_EXTERN = NO;
				GCC_VERSION = com.apple.compilers.llvm.clang.1_0;
				GCC_WARN_ABOUT_RETURN_TYPE = YES;
				GCC_WARN_UNINITIALIZED_AUTOS = YES;
				GCC_WARN_UNUSED_VARIABLE = YES;
				IPHONEOS_DEPLOYMENT_TARGET = 5.1;
				SDKROOT = iphoneos;
				TARGETED_DEVICE_FAMILY = "1,2";
			};
			name = Debug;
		};
		C462BDD215C95A8700170E3C /* Release */ = {
			isa = XCBuildConfiguration;
			buildSettings = {
				ALWAYS_SEARCH_USER_PATHS = NO;
				ARCHS = "$(ARCHS_STANDARD_32_BIT)";
				CLANG_CXX_LANGUAGE_STANDARD = "gnu++0x";
				CLANG_ENABLE_OBJC_ARC = YES;
				CLANG_WARN__DUPLICATE_METHOD_MATCH = YES;
				"CODE_SIGN_IDENTITY[sdk=iphoneos*]" = "iPhone Developer";
				COPY_PHASE_STRIP = YES;
				GCC_C_LANGUAGE_STANDARD = gnu99;
				GCC_VERSION = com.apple.compilers.llvm.clang.1_0;
				GCC_WARN_ABOUT_RETURN_TYPE = YES;
				GCC_WARN_UNINITIALIZED_AUTOS = YES;
				GCC_WARN_UNUSED_VARIABLE = YES;
				IPHONEOS_DEPLOYMENT_TARGET = 5.1;
				OTHER_CFLAGS = "-DNS_BLOCK_ASSERTIONS=1";
				SDKROOT = iphoneos;
				TARGETED_DEVICE_FAMILY = "1,2";
				VALIDATE_PRODUCT = YES;
			};
			name = Release;
		};
		C462BDD415C95A8700170E3C /* Debug */ = {
			isa = XCBuildConfiguration;
			buildSettings = {
				CODE_SIGN_ENTITLEMENTS = "IRSOT Seminars/IRSOT Seminars.entitlements";
				CODE_SIGN_IDENTITY = "iPhone Developer: Vladimir Ershov (H4TUUJ7WXY)";
				"CODE_SIGN_IDENTITY[sdk=iphoneos*]" = "iPhone Developer: Vladimir Ershov (H4TUUJ7WXY)";
				GCC_PRECOMPILE_PREFIX_HEADER = YES;
				GCC_PREFIX_HEADER = "IRSOT Seminars/IRSOT Seminars-Prefix.pch";
				INFOPLIST_FILE = "IRSOT Seminars/IRSOT Seminars-Info.plist";
				IPHONEOS_DEPLOYMENT_TARGET = 5.1;
				OTHER_LDFLAGS = (
					"-ObjC",
					"-all_load",
				);
				PRODUCT_NAME = "$(TARGET_NAME)";
				PROVISIONING_PROFILE = "9EE3C2BA-F906-4365-9BAA-547E381A4AA6";
				"PROVISIONING_PROFILE[sdk=iphoneos*]" = "9EE3C2BA-F906-4365-9BAA-547E381A4AA6";
				USER_HEADER_SEARCH_PATHS = "Submodules/** /Users/raveman/Developer/libs/tapkulibrary/src/**";
				WRAPPER_EXTENSION = app;
			};
			name = Debug;
		};
		C462BDD515C95A8700170E3C /* Release */ = {
			isa = XCBuildConfiguration;
			buildSettings = {
				CODE_SIGN_ENTITLEMENTS = "IRSOT Seminars/IRSOT Seminars.entitlements";
				CODE_SIGN_IDENTITY = "iPhone Developer: Vladimir Ershov (H4TUUJ7WXY)";
				"CODE_SIGN_IDENTITY[sdk=iphoneos*]" = "iPhone Developer: Vladimir Ershov (H4TUUJ7WXY)";
				GCC_PRECOMPILE_PREFIX_HEADER = YES;
				GCC_PREFIX_HEADER = "IRSOT Seminars/IRSOT Seminars-Prefix.pch";
				INFOPLIST_FILE = "IRSOT Seminars/IRSOT Seminars-Info.plist";
				IPHONEOS_DEPLOYMENT_TARGET = 5.1;
				OTHER_LDFLAGS = (
					"-ObjC",
					"-all_load",
				);
				PRODUCT_NAME = "$(TARGET_NAME)";
				PROVISIONING_PROFILE = "9EE3C2BA-F906-4365-9BAA-547E381A4AA6";
				"PROVISIONING_PROFILE[sdk=iphoneos*]" = "9EE3C2BA-F906-4365-9BAA-547E381A4AA6";
				USER_HEADER_SEARCH_PATHS = "Submodules/** /Users/raveman/Developer/libs/tapkulibrary/src/**";
				WRAPPER_EXTENSION = app;
			};
			name = Release;
		};
/* End XCBuildConfiguration section */

/* Begin XCConfigurationList section */
		C462BDA415C95A8700170E3C /* Build configuration list for PBXProject "IRSOT Seminars" */ = {
			isa = XCConfigurationList;
			buildConfigurations = (
				C462BDD115C95A8700170E3C /* Debug */,
				C462BDD215C95A8700170E3C /* Release */,
			);
			defaultConfigurationIsVisible = 0;
			defaultConfigurationName = Release;
		};
		C462BDD315C95A8700170E3C /* Build configuration list for PBXNativeTarget "IRSOT Seminars" */ = {
			isa = XCConfigurationList;
			buildConfigurations = (
				C462BDD415C95A8700170E3C /* Debug */,
				C462BDD515C95A8700170E3C /* Release */,
			);
			defaultConfigurationIsVisible = 0;
			defaultConfigurationName = Release;
		};
/* End XCConfigurationList section */

/* Begin XCVersionGroup section */
		C462BDC815C95A8700170E3C /* IRSOT_Seminars.xcdatamodeld */ = {
			isa = XCVersionGroup;
			children = (
				C465875B15F8FFDD00AA2B6B /* IRSOT_Seminars 5.xcdatamodel */,
				C4F9EEA315ECF8E3008BA56D /* IRSOT_Seminars 4.xcdatamodel */,
				C43AB40615E28A8F003813DF /* IRSOT_Seminars 3.xcdatamodel */,
				C4C6DD1715E0274E003292C8 /* IRSOT_Seminars 2.xcdatamodel */,
				C462BDC915C95A8700170E3C /* IRSOT_Seminars.xcdatamodel */,
			);
			currentVersion = C465875B15F8FFDD00AA2B6B /* IRSOT_Seminars 5.xcdatamodel */;
			path = IRSOT_Seminars.xcdatamodeld;
			sourceTree = "<group>";
			versionGroupType = wrapper.xcdatamodel;
		};
/* End XCVersionGroup section */
	};
	rootObject = C462BDA115C95A8700170E3C /* Project object */;
}
