// !$*UTF8*$!
{
	archiveVersion = 1;
	classes = {
	};
	objectVersion = 46;
	objects = {

/* Begin PBXBuildFile section */
		C40D8F0C15CBD8610048ABF4 /* Sections.m in Sources */ = {isa = PBXBuildFile; fileRef = C40D8F0B15CBD8610048ABF4 /* Sections.m */; };
		C40D8F1015CBD8610048ABF4 /* Lector.m in Sources */ = {isa = PBXBuildFile; fileRef = C40D8F0F15CBD8610048ABF4 /* Lector.m */; };
		C40D8F1315CBD8610048ABF4 /* Seminar.m in Sources */ = {isa = PBXBuildFile; fileRef = C40D8F1215CBD8610048ABF4 /* Seminar.m */; };
		C40D8F1615CBD8610048ABF4 /* Type.m in Sources */ = {isa = PBXBuildFile; fileRef = C40D8F1515CBD8610048ABF4 /* Type.m */; };
		C40D8F1A15CBDBBB0048ABF4 /* Sections+Load_Data.m in Sources */ = {isa = PBXBuildFile; fileRef = C40D8F1915CBDBBB0048ABF4 /* Sections+Load_Data.m */; };
		C40D8F1D15CBDFB30048ABF4 /* Type+Load_Data.m in Sources */ = {isa = PBXBuildFile; fileRef = C40D8F1C15CBDFB30048ABF4 /* Type+Load_Data.m */; };
		C40D8F2315CBEA5D0048ABF4 /* SVProgressHUD.bundle in Resources */ = {isa = PBXBuildFile; fileRef = C40D8F2015CBEA5D0048ABF4 /* SVProgressHUD.bundle */; };
		C40D8F2415CBEA5D0048ABF4 /* SVProgressHUD.m in Sources */ = {isa = PBXBuildFile; fileRef = C40D8F2215CBEA5D0048ABF4 /* SVProgressHUD.m */; settings = {COMPILER_FLAGS = "-fobjc-arc"; }; };
		C462BDAF15C95A8700170E3C /* UIKit.framework in Frameworks */ = {isa = PBXBuildFile; fileRef = C462BDAE15C95A8700170E3C /* UIKit.framework */; };
		C462BDB115C95A8700170E3C /* Foundation.framework in Frameworks */ = {isa = PBXBuildFile; fileRef = C462BDB015C95A8700170E3C /* Foundation.framework */; };
		C462BDB315C95A8700170E3C /* CoreGraphics.framework in Frameworks */ = {isa = PBXBuildFile; fileRef = C462BDB215C95A8700170E3C /* CoreGraphics.framework */; };
		C462BDB515C95A8700170E3C /* CoreData.framework in Frameworks */ = {isa = PBXBuildFile; fileRef = C462BDB415C95A8700170E3C /* CoreData.framework */; };
		C462BDBB15C95A8700170E3C /* InfoPlist.strings in Resources */ = {isa = PBXBuildFile; fileRef = C462BDB915C95A8700170E3C /* InfoPlist.strings */; };
		C462BDBD15C95A8700170E3C /* main.m in Sources */ = {isa = PBXBuildFile; fileRef = C462BDBC15C95A8700170E3C /* main.m */; };
		C462BDC115C95A8700170E3C /* ISAppDelegate.m in Sources */ = {isa = PBXBuildFile; fileRef = C462BDC015C95A8700170E3C /* ISAppDelegate.m */; };
		C462BDC415C95A8700170E3C /* MainStoryboard_iPhone.storyboard in Resources */ = {isa = PBXBuildFile; fileRef = C462BDC215C95A8700170E3C /* MainStoryboard_iPhone.storyboard */; };
		C462BDC715C95A8700170E3C /* MainStoryboard_iPad.storyboard in Resources */ = {isa = PBXBuildFile; fileRef = C462BDC515C95A8700170E3C /* MainStoryboard_iPad.storyboard */; };
		C462BDCA15C95A8700170E3C /* IRSOT_Seminars.xcdatamodeld in Sources */ = {isa = PBXBuildFile; fileRef = C462BDC815C95A8700170E3C /* IRSOT_Seminars.xcdatamodeld */; };
		C462BDCD15C95A8700170E3C /* ISMasterViewController.m in Sources */ = {isa = PBXBuildFile; fileRef = C462BDCC15C95A8700170E3C /* ISMasterViewController.m */; };
		C462BDD015C95A8700170E3C /* ISDetailViewController.m in Sources */ = {isa = PBXBuildFile; fileRef = C462BDCF15C95A8700170E3C /* ISDetailViewController.m */; };
		C462BDDB15C95B7300170E3C /* ISMainPageViewController.m in Sources */ = {isa = PBXBuildFile; fileRef = C462BDDA15C95B7300170E3C /* ISMainPageViewController.m */; };
		C4DE788015C95C02007FBEC4 /* ISInfoTableViewController.m in Sources */ = {isa = PBXBuildFile; fileRef = C4DE787F15C95C02007FBEC4 /* ISInfoTableViewController.m */; };
		C4DE788415C95C42007FBEC4 /* ISWebviewViewController.m in Sources */ = {isa = PBXBuildFile; fileRef = C4DE788315C95C42007FBEC4 /* ISWebviewViewController.m */; };
		C4DE788715C95C96007FBEC4 /* ISSettingsViewController.m in Sources */ = {isa = PBXBuildFile; fileRef = C4DE788615C95C96007FBEC4 /* ISSettingsViewController.m */; };
		C4DE788A15C95D26007FBEC4 /* ISSeminarListTableViewController.m in Sources */ = {isa = PBXBuildFile; fileRef = C4DE788915C95D26007FBEC4 /* ISSeminarListTableViewController.m */; };
		C4DE788F15C95E34007FBEC4 /* Info Links.plist in Resources */ = {isa = PBXBuildFile; fileRef = C4DE788E15C95E34007FBEC4 /* Info Links.plist */; };
		C4DE789215C96EF3007FBEC4 /* SeminarFetcher.m in Sources */ = {isa = PBXBuildFile; fileRef = C4DE789115C96EF3007FBEC4 /* SeminarFetcher.m */; };
/* End PBXBuildFile section */

/* Begin PBXFileReference section */
		C40D8F0A15CBD8610048ABF4 /* Sections.h */ = {isa = PBXFileReference; fileEncoding = 4; lastKnownFileType = sourcecode.c.h; path = Sections.h; sourceTree = "<group>"; };
		C40D8F0B15CBD8610048ABF4 /* Sections.m */ = {isa = PBXFileReference; fileEncoding = 4; lastKnownFileType = sourcecode.c.objc; path = Sections.m; sourceTree = "<group>"; };
		C40D8F0E15CBD8610048ABF4 /* Lector.h */ = {isa = PBXFileReference; fileEncoding = 4; lastKnownFileType = sourcecode.c.h; path = Lector.h; sourceTree = "<group>"; };
		C40D8F0F15CBD8610048ABF4 /* Lector.m */ = {isa = PBXFileReference; fileEncoding = 4; lastKnownFileType = sourcecode.c.objc; path = Lector.m; sourceTree = "<group>"; };
		C40D8F1115CBD8610048ABF4 /* Seminar.h */ = {isa = PBXFileReference; fileEncoding = 4; lastKnownFileType = sourcecode.c.h; path = Seminar.h; sourceTree = "<group>"; };
		C40D8F1215CBD8610048ABF4 /* Seminar.m */ = {isa = PBXFileReference; fileEncoding = 4; lastKnownFileType = sourcecode.c.objc; path = Seminar.m; sourceTree = "<group>"; };
		C40D8F1415CBD8610048ABF4 /* Type.h */ = {isa = PBXFileReference; fileEncoding = 4; lastKnownFileType = sourcecode.c.h; path = Type.h; sourceTree = "<group>"; };
		C40D8F1515CBD8610048ABF4 /* Type.m */ = {isa = PBXFileReference; fileEncoding = 4; lastKnownFileType = sourcecode.c.objc; path = Type.m; sourceTree = "<group>"; };
		C40D8F1815CBDBBB0048ABF4 /* Sections+Load_Data.h */ = {isa = PBXFileReference; fileEncoding = 4; lastKnownFileType = sourcecode.c.h; path = "Sections+Load_Data.h"; sourceTree = "<group>"; };
		C40D8F1915CBDBBB0048ABF4 /* Sections+Load_Data.m */ = {isa = PBXFileReference; fileEncoding = 4; lastKnownFileType = sourcecode.c.objc; path = "Sections+Load_Data.m"; sourceTree = "<group>"; };
		C40D8F1B15CBDFB30048ABF4 /* Type+Load_Data.h */ = {isa = PBXFileReference; fileEncoding = 4; lastKnownFileType = sourcecode.c.h; path = "Type+Load_Data.h"; sourceTree = "<group>"; };
		C40D8F1C15CBDFB30048ABF4 /* Type+Load_Data.m */ = {isa = PBXFileReference; fileEncoding = 4; lastKnownFileType = sourcecode.c.objc; path = "Type+Load_Data.m"; sourceTree = "<group>"; };
		C40D8F2015CBEA5D0048ABF4 /* SVProgressHUD.bundle */ = {isa = PBXFileReference; lastKnownFileType = "wrapper.plug-in"; path = SVProgressHUD.bundle; sourceTree = "<group>"; };
		C40D8F2115CBEA5D0048ABF4 /* SVProgressHUD.h */ = {isa = PBXFileReference; fileEncoding = 4; lastKnownFileType = sourcecode.c.h; path = SVProgressHUD.h; sourceTree = "<group>"; };
		C40D8F2215CBEA5D0048ABF4 /* SVProgressHUD.m */ = {isa = PBXFileReference; fileEncoding = 4; lastKnownFileType = sourcecode.c.objc; path = SVProgressHUD.m; sourceTree = "<group>"; };
		C462BDAA15C95A8700170E3C /* IRSOT Seminars.app */ = {isa = PBXFileReference; explicitFileType = wrapper.application; includeInIndex = 0; path = "IRSOT Seminars.app"; sourceTree = BUILT_PRODUCTS_DIR; };
		C462BDAE15C95A8700170E3C /* UIKit.framework */ = {isa = PBXFileReference; lastKnownFileType = wrapper.framework; name = UIKit.framework; path = System/Library/Frameworks/UIKit.framework; sourceTree = SDKROOT; };
		C462BDB015C95A8700170E3C /* Foundation.framework */ = {isa = PBXFileReference; lastKnownFileType = wrapper.framework; name = Foundation.framework; path = System/Library/Frameworks/Foundation.framework; sourceTree = SDKROOT; };
		C462BDB215C95A8700170E3C /* CoreGraphics.framework */ = {isa = PBXFileReference; lastKnownFileType = wrapper.framework; name = CoreGraphics.framework; path = System/Library/Frameworks/CoreGraphics.framework; sourceTree = SDKROOT; };
		C462BDB415C95A8700170E3C /* CoreData.framework */ = {isa = PBXFileReference; lastKnownFileType = wrapper.framework; name = CoreData.framework; path = System/Library/Frameworks/CoreData.framework; sourceTree = SDKROOT; };
		C462BDB815C95A8700170E3C /* IRSOT Seminars-Info.plist */ = {isa = PBXFileReference; lastKnownFileType = text.plist.xml; path = "IRSOT Seminars-Info.plist"; sourceTree = "<group>"; };
		C462BDBA15C95A8700170E3C /* en */ = {isa = PBXFileReference; lastKnownFileType = text.plist.strings; name = en; path = en.lproj/InfoPlist.strings; sourceTree = "<group>"; };
		C462BDBC15C95A8700170E3C /* main.m */ = {isa = PBXFileReference; lastKnownFileType = sourcecode.c.objc; path = main.m; sourceTree = "<group>"; };
		C462BDBE15C95A8700170E3C /* IRSOT Seminars-Prefix.pch */ = {isa = PBXFileReference; lastKnownFileType = sourcecode.c.h; path = "IRSOT Seminars-Prefix.pch"; sourceTree = "<group>"; };
		C462BDBF15C95A8700170E3C /* ISAppDelegate.h */ = {isa = PBXFileReference; lastKnownFileType = sourcecode.c.h; path = ISAppDelegate.h; sourceTree = "<group>"; };
		C462BDC015C95A8700170E3C /* ISAppDelegate.m */ = {isa = PBXFileReference; lastKnownFileType = sourcecode.c.objc; path = ISAppDelegate.m; sourceTree = "<group>"; };
		C462BDC315C95A8700170E3C /* en */ = {isa = PBXFileReference; lastKnownFileType = file.storyboard; name = en; path = en.lproj/MainStoryboard_iPhone.storyboard; sourceTree = "<group>"; };
		C462BDC615C95A8700170E3C /* en */ = {isa = PBXFileReference; lastKnownFileType = file.storyboard; name = en; path = en.lproj/MainStoryboard_iPad.storyboard; sourceTree = "<group>"; };
		C462BDC915C95A8700170E3C /* IRSOT_Seminars.xcdatamodel */ = {isa = PBXFileReference; lastKnownFileType = wrapper.xcdatamodel; path = IRSOT_Seminars.xcdatamodel; sourceTree = "<group>"; };
		C462BDCB15C95A8700170E3C /* ISMasterViewController.h */ = {isa = PBXFileReference; lastKnownFileType = sourcecode.c.h; path = ISMasterViewController.h; sourceTree = "<group>"; };
		C462BDCC15C95A8700170E3C /* ISMasterViewController.m */ = {isa = PBXFileReference; lastKnownFileType = sourcecode.c.objc; path = ISMasterViewController.m; sourceTree = "<group>"; };
		C462BDCE15C95A8700170E3C /* ISDetailViewController.h */ = {isa = PBXFileReference; lastKnownFileType = sourcecode.c.h; path = ISDetailViewController.h; sourceTree = "<group>"; };
		C462BDCF15C95A8700170E3C /* ISDetailViewController.m */ = {isa = PBXFileReference; lastKnownFileType = sourcecode.c.objc; path = ISDetailViewController.m; sourceTree = "<group>"; };
		C462BDD915C95B7300170E3C /* ISMainPageViewController.h */ = {isa = PBXFileReference; fileEncoding = 4; lastKnownFileType = sourcecode.c.h; path = ISMainPageViewController.h; sourceTree = "<group>"; };
		C462BDDA15C95B7300170E3C /* ISMainPageViewController.m */ = {isa = PBXFileReference; fileEncoding = 4; lastKnownFileType = sourcecode.c.objc; path = ISMainPageViewController.m; sourceTree = "<group>"; };
		C4DE787E15C95C02007FBEC4 /* ISInfoTableViewController.h */ = {isa = PBXFileReference; fileEncoding = 4; lastKnownFileType = sourcecode.c.h; path = ISInfoTableViewController.h; sourceTree = "<group>"; };
		C4DE787F15C95C02007FBEC4 /* ISInfoTableViewController.m */ = {isa = PBXFileReference; fileEncoding = 4; lastKnownFileType = sourcecode.c.objc; path = ISInfoTableViewController.m; sourceTree = "<group>"; };
		C4DE788215C95C42007FBEC4 /* ISWebviewViewController.h */ = {isa = PBXFileReference; fileEncoding = 4; lastKnownFileType = sourcecode.c.h; path = ISWebviewViewController.h; sourceTree = "<group>"; };
		C4DE788315C95C42007FBEC4 /* ISWebviewViewController.m */ = {isa = PBXFileReference; fileEncoding = 4; lastKnownFileType = sourcecode.c.objc; path = ISWebviewViewController.m; sourceTree = "<group>"; };
		C4DE788515C95C96007FBEC4 /* ISSettingsViewController.h */ = {isa = PBXFileReference; fileEncoding = 4; lastKnownFileType = sourcecode.c.h; path = ISSettingsViewController.h; sourceTree = "<group>"; };
		C4DE788615C95C96007FBEC4 /* ISSettingsViewController.m */ = {isa = PBXFileReference; fileEncoding = 4; lastKnownFileType = sourcecode.c.objc; path = ISSettingsViewController.m; sourceTree = "<group>"; };
		C4DE788815C95D26007FBEC4 /* ISSeminarListTableViewController.h */ = {isa = PBXFileReference; fileEncoding = 4; lastKnownFileType = sourcecode.c.h; path = ISSeminarListTableViewController.h; sourceTree = "<group>"; };
		C4DE788915C95D26007FBEC4 /* ISSeminarListTableViewController.m */ = {isa = PBXFileReference; fileEncoding = 4; lastKnownFileType = sourcecode.c.objc; path = ISSeminarListTableViewController.m; sourceTree = "<group>"; };
		C4DE788E15C95E34007FBEC4 /* Info Links.plist */ = {isa = PBXFileReference; fileEncoding = 4; lastKnownFileType = text.plist.xml; path = "Info Links.plist"; sourceTree = "<group>"; };
		C4DE789015C96EF3007FBEC4 /* SeminarFetcher.h */ = {isa = PBXFileReference; fileEncoding = 4; lastKnownFileType = sourcecode.c.h; path = SeminarFetcher.h; sourceTree = "<group>"; };
		C4DE789115C96EF3007FBEC4 /* SeminarFetcher.m */ = {isa = PBXFileReference; fileEncoding = 4; lastKnownFileType = sourcecode.c.objc; path = SeminarFetcher.m; sourceTree = "<group>"; };
/* End PBXFileReference section */

/* Begin PBXFrameworksBuildPhase section */
		C462BDA715C95A8700170E3C /* Frameworks */ = {
			isa = PBXFrameworksBuildPhase;
			buildActionMask = 2147483647;
			files = (
				C462BDAF15C95A8700170E3C /* UIKit.framework in Frameworks */,
				C462BDB115C95A8700170E3C /* Foundation.framework in Frameworks */,
				C462BDB315C95A8700170E3C /* CoreGraphics.framework in Frameworks */,
				C462BDB515C95A8700170E3C /* CoreData.framework in Frameworks */,
			);
			runOnlyForDeploymentPostprocessing = 0;
		};
/* End PBXFrameworksBuildPhase section */

/* Begin PBXGroup section */
		C40D8F1715CBD8730048ABF4 /* CoreData */ = {
			isa = PBXGroup;
			children = (
				C40D8F0A15CBD8610048ABF4 /* Sections.h */,
				C40D8F0B15CBD8610048ABF4 /* Sections.m */,
				C40D8F1815CBDBBB0048ABF4 /* Sections+Load_Data.h */,
				C40D8F1915CBDBBB0048ABF4 /* Sections+Load_Data.m */,
				C40D8F1415CBD8610048ABF4 /* Type.h */,
				C40D8F1515CBD8610048ABF4 /* Type.m */,
				C40D8F1B15CBDFB30048ABF4 /* Type+Load_Data.h */,
				C40D8F1C15CBDFB30048ABF4 /* Type+Load_Data.m */,
				C40D8F1115CBD8610048ABF4 /* Seminar.h */,
				C40D8F1215CBD8610048ABF4 /* Seminar.m */,
				C40D8F0E15CBD8610048ABF4 /* Lector.h */,
				C40D8F0F15CBD8610048ABF4 /* Lector.m */,
				C462BDC815C95A8700170E3C /* IRSOT_Seminars.xcdatamodeld */,
			);
			name = CoreData;
			sourceTree = "<group>";
		};
		C40D8F1E15CBEA350048ABF4 /* Contrib */ = {
			isa = PBXGroup;
			children = (
				C40D8F1F15CBEA5D0048ABF4 /* SVProgressHUD */,
			);
			name = Contrib;
			sourceTree = "<group>";
		};
		C40D8F1F15CBEA5D0048ABF4 /* SVProgressHUD */ = {
			isa = PBXGroup;
			children = (
				C40D8F2015CBEA5D0048ABF4 /* SVProgressHUD.bundle */,
				C40D8F2115CBEA5D0048ABF4 /* SVProgressHUD.h */,
				C40D8F2215CBEA5D0048ABF4 /* SVProgressHUD.m */,
			);
			path = SVProgressHUD;
			sourceTree = "<group>";
		};
		C462BD9F15C95A8700170E3C = {
			isa = PBXGroup;
			children = (
				C462BDB615C95A8700170E3C /* IRSOT Seminars */,
				C462BDAD15C95A8700170E3C /* Frameworks */,
				C462BDAB15C95A8700170E3C /* Products */,
			);
			sourceTree = "<group>";
		};
		C462BDAB15C95A8700170E3C /* Products */ = {
			isa = PBXGroup;
			children = (
				C462BDAA15C95A8700170E3C /* IRSOT Seminars.app */,
			);
			name = Products;
			sourceTree = "<group>";
		};
		C462BDAD15C95A8700170E3C /* Frameworks */ = {
			isa = PBXGroup;
			children = (
				C462BDAE15C95A8700170E3C /* UIKit.framework */,
				C462BDB015C95A8700170E3C /* Foundation.framework */,
				C462BDB215C95A8700170E3C /* CoreGraphics.framework */,
				C462BDB415C95A8700170E3C /* CoreData.framework */,
			);
			name = Frameworks;
			sourceTree = "<group>";
		};
		C462BDB615C95A8700170E3C /* IRSOT Seminars */ = {
			isa = PBXGroup;
			children = (
				C40D8F1E15CBEA350048ABF4 /* Contrib */,
				C462BDC215C95A8700170E3C /* MainStoryboard_iPhone.storyboard */,
				C462BDC515C95A8700170E3C /* MainStoryboard_iPad.storyboard */,
				C4DE789015C96EF3007FBEC4 /* SeminarFetcher.h */,
				C4DE789115C96EF3007FBEC4 /* SeminarFetcher.m */,
				C40D8F1715CBD8730048ABF4 /* CoreData */,
				C4DE788B15C95DC1007FBEC4 /* Main Views */,
				C4DE788D15C95DE0007FBEC4 /* Trash Views */,
				C4DE788C15C95DCA007FBEC4 /* Info */,
				C462BDB715C95A8700170E3C /* Supporting Files */,
			);
			path = "IRSOT Seminars";
			sourceTree = "<group>";
		};
		C462BDB715C95A8700170E3C /* Supporting Files */ = {
			isa = PBXGroup;
			children = (
				C4DE788E15C95E34007FBEC4 /* Info Links.plist */,
				C462BDB815C95A8700170E3C /* IRSOT Seminars-Info.plist */,
				C462BDB915C95A8700170E3C /* InfoPlist.strings */,
				C462BDBF15C95A8700170E3C /* ISAppDelegate.h */,
				C462BDC015C95A8700170E3C /* ISAppDelegate.m */,
				C462BDBC15C95A8700170E3C /* main.m */,
				C462BDBE15C95A8700170E3C /* IRSOT Seminars-Prefix.pch */,
			);
			name = "Supporting Files";
			sourceTree = "<group>";
		};
		C4DE788B15C95DC1007FBEC4 /* Main Views */ = {
			isa = PBXGroup;
			children = (
				C462BDD915C95B7300170E3C /* ISMainPageViewController.h */,
				C462BDDA15C95B7300170E3C /* ISMainPageViewController.m */,
				C4DE788815C95D26007FBEC4 /* ISSeminarListTableViewController.h */,
				C4DE788915C95D26007FBEC4 /* ISSeminarListTableViewController.m */,
				C4DE788515C95C96007FBEC4 /* ISSettingsViewController.h */,
				C4DE788615C95C96007FBEC4 /* ISSettingsViewController.m */,
			);
			name = "Main Views";
			sourceTree = "<group>";
		};
		C4DE788C15C95DCA007FBEC4 /* Info */ = {
			isa = PBXGroup;
			children = (
				C4DE787E15C95C02007FBEC4 /* ISInfoTableViewController.h */,
				C4DE787F15C95C02007FBEC4 /* ISInfoTableViewController.m */,
				C4DE788215C95C42007FBEC4 /* ISWebviewViewController.h */,
				C4DE788315C95C42007FBEC4 /* ISWebviewViewController.m */,
			);
			name = Info;
			sourceTree = "<group>";
		};
		C4DE788D15C95DE0007FBEC4 /* Trash Views */ = {
			isa = PBXGroup;
			children = (
				C462BDCB15C95A8700170E3C /* ISMasterViewController.h */,
				C462BDCC15C95A8700170E3C /* ISMasterViewController.m */,
				C462BDCE15C95A8700170E3C /* ISDetailViewController.h */,
				C462BDCF15C95A8700170E3C /* ISDetailViewController.m */,
			);
			name = "Trash Views";
			sourceTree = "<group>";
		};
/* End PBXGroup section */

/* Begin PBXNativeTarget section */
		C462BDA915C95A8700170E3C /* IRSOT Seminars */ = {
			isa = PBXNativeTarget;
			buildConfigurationList = C462BDD315C95A8700170E3C /* Build configuration list for PBXNativeTarget "IRSOT Seminars" */;
			buildPhases = (
				C462BDA615C95A8700170E3C /* Sources */,
				C462BDA715C95A8700170E3C /* Frameworks */,
				C462BDA815C95A8700170E3C /* Resources */,
			);
			buildRules = (
			);
			dependencies = (
			);
			name = "IRSOT Seminars";
			productName = "IRSOT Seminars";
			productReference = C462BDAA15C95A8700170E3C /* IRSOT Seminars.app */;
			productType = "com.apple.product-type.application";
		};
/* End PBXNativeTarget section */

/* Begin PBXProject section */
		C462BDA115C95A8700170E3C /* Project object */ = {
			isa = PBXProject;
			attributes = {
				CLASSPREFIX = IS;
				LastUpgradeCheck = 0440;
				ORGANIZATIONNAME = "Bob Ershov";
			};
			buildConfigurationList = C462BDA415C95A8700170E3C /* Build configuration list for PBXProject "IRSOT Seminars" */;
			compatibilityVersion = "Xcode 3.2";
			developmentRegion = English;
			hasScannedForEncodings = 0;
			knownRegions = (
				en,
			);
			mainGroup = C462BD9F15C95A8700170E3C;
			productRefGroup = C462BDAB15C95A8700170E3C /* Products */;
			projectDirPath = "";
			projectRoot = "";
			targets = (
				C462BDA915C95A8700170E3C /* IRSOT Seminars */,
			);
		};
/* End PBXProject section */

/* Begin PBXResourcesBuildPhase section */
		C462BDA815C95A8700170E3C /* Resources */ = {
			isa = PBXResourcesBuildPhase;
			buildActionMask = 2147483647;
			files = (
				C462BDBB15C95A8700170E3C /* InfoPlist.strings in Resources */,
				C462BDC415C95A8700170E3C /* MainStoryboard_iPhone.storyboard in Resources */,
				C462BDC715C95A8700170E3C /* MainStoryboard_iPad.storyboard in Resources */,
				C4DE788F15C95E34007FBEC4 /* Info Links.plist in Resources */,
				C40D8F2315CBEA5D0048ABF4 /* SVProgressHUD.bundle in Resources */,
			);
			runOnlyForDeploymentPostprocessing = 0;
		};
/* End PBXResourcesBuildPhase section */

/* Begin PBXSourcesBuildPhase section */
		C462BDA615C95A8700170E3C /* Sources */ = {
			isa = PBXSourcesBuildPhase;
			buildActionMask = 2147483647;
			files = (
				C462BDBD15C95A8700170E3C /* main.m in Sources */,
				C462BDC115C95A8700170E3C /* ISAppDelegate.m in Sources */,
				C462BDCA15C95A8700170E3C /* IRSOT_Seminars.xcdatamodeld in Sources */,
				C462BDCD15C95A8700170E3C /* ISMasterViewController.m in Sources */,
				C462BDD015C95A8700170E3C /* ISDetailViewController.m in Sources */,
				C462BDDB15C95B7300170E3C /* ISMainPageViewController.m in Sources */,
				C4DE788015C95C02007FBEC4 /* ISInfoTableViewController.m in Sources */,
				C4DE788415C95C42007FBEC4 /* ISWebviewViewController.m in Sources */,
				C4DE788715C95C96007FBEC4 /* ISSettingsViewController.m in Sources */,
				C4DE788A15C95D26007FBEC4 /* ISSeminarListTableViewController.m in Sources */,
				C4DE789215C96EF3007FBEC4 /* SeminarFetcher.m in Sources */,
				C40D8F0C15CBD8610048ABF4 /* Sections.m in Sources */,
				C40D8F1015CBD8610048ABF4 /* Lector.m in Sources */,
				C40D8F1315CBD8610048ABF4 /* Seminar.m in Sources */,
				C40D8F1615CBD8610048ABF4 /* Type.m in Sources */,
				C40D8F1A15CBDBBB0048ABF4 /* Sections+Load_Data.m in Sources */,
				C40D8F1D15CBDFB30048ABF4 /* Type+Load_Data.m in Sources */,
				C40D8F2415CBEA5D0048ABF4 /* SVProgressHUD.m in Sources */,
			);
			runOnlyForDeploymentPostprocessing = 0;
		};
/* End PBXSourcesBuildPhase section */

/* Begin PBXVariantGroup section */
		C462BDB915C95A8700170E3C /* InfoPlist.strings */ = {
			isa = PBXVariantGroup;
			children = (
				C462BDBA15C95A8700170E3C /* en */,
			);
			name = InfoPlist.strings;
			sourceTree = "<group>";
		};
		C462BDC215C95A8700170E3C /* MainStoryboard_iPhone.storyboard */ = {
			isa = PBXVariantGroup;
			children = (
				C462BDC315C95A8700170E3C /* en */,
			);
			name = MainStoryboard_iPhone.storyboard;
			sourceTree = "<group>";
		};
		C462BDC515C95A8700170E3C /* MainStoryboard_iPad.storyboard */ = {
			isa = PBXVariantGroup;
			children = (
				C462BDC615C95A8700170E3C /* en */,
			);
			name = MainStoryboard_iPad.storyboard;
			sourceTree = "<group>";
		};
/* End PBXVariantGroup section */

/* Begin XCBuildConfiguration section */
		C462BDD115C95A8700170E3C /* Debug */ = {
			isa = XCBuildConfiguration;
			buildSettings = {
				ALWAYS_SEARCH_USER_PATHS = NO;
				ARCHS = "$(ARCHS_STANDARD_32_BIT)";
				CLANG_CXX_LANGUAGE_STANDARD = "gnu++0x";
				CLANG_ENABLE_OBJC_ARC = YES;
				CLANG_WARN__DUPLICATE_METHOD_MATCH = YES;
				"CODE_SIGN_IDENTITY[sdk=iphoneos*]" = "iPhone Developer";
				COPY_PHASE_STRIP = NO;
				GCC_C_LANGUAGE_STANDARD = gnu99;
				GCC_DYNAMIC_NO_PIC = NO;
				GCC_OPTIMIZATION_LEVEL = 0;
				GCC_PREPROCESSOR_DEFINITIONS = (
					"DEBUG=1",
					"$(inherited)",
				);
				GCC_SYMBOLS_PRIVATE_EXTERN = NO;
				GCC_VERSION = com.apple.compilers.llvm.clang.1_0;
				GCC_WARN_ABOUT_RETURN_TYPE = YES;
				GCC_WARN_UNINITIALIZED_AUTOS = YES;
				GCC_WARN_UNUSED_VARIABLE = YES;
				IPHONEOS_DEPLOYMENT_TARGET = 5.1;
				SDKROOT = iphoneos;
				TARGETED_DEVICE_FAMILY = "1,2";
			};
			name = Debug;
		};
		C462BDD215C95A8700170E3C /* Release */ = {
			isa = XCBuildConfiguration;
			buildSettings = {
				ALWAYS_SEARCH_USER_PATHS = NO;
				ARCHS = "$(ARCHS_STANDARD_32_BIT)";
				CLANG_CXX_LANGUAGE_STANDARD = "gnu++0x";
				CLANG_ENABLE_OBJC_ARC = YES;
				CLANG_WARN__DUPLICATE_METHOD_MATCH = YES;
				"CODE_SIGN_IDENTITY[sdk=iphoneos*]" = "iPhone Developer";
				COPY_PHASE_STRIP = YES;
				GCC_C_LANGUAGE_STANDARD = gnu99;
				GCC_VERSION = com.apple.compilers.llvm.clang.1_0;
				GCC_WARN_ABOUT_RETURN_TYPE = YES;
				GCC_WARN_UNINITIALIZED_AUTOS = YES;
				GCC_WARN_UNUSED_VARIABLE = YES;
				IPHONEOS_DEPLOYMENT_TARGET = 5.1;
				OTHER_CFLAGS = "-DNS_BLOCK_ASSERTIONS=1";
				SDKROOT = iphoneos;
				TARGETED_DEVICE_FAMILY = "1,2";
				VALIDATE_PRODUCT = YES;
			};
			name = Release;
		};
		C462BDD415C95A8700170E3C /* Debug */ = {
			isa = XCBuildConfiguration;
			buildSettings = {
				GCC_PRECOMPILE_PREFIX_HEADER = YES;
				GCC_PREFIX_HEADER = "IRSOT Seminars/IRSOT Seminars-Prefix.pch";
				INFOPLIST_FILE = "IRSOT Seminars/IRSOT Seminars-Info.plist";
				PRODUCT_NAME = "$(TARGET_NAME)";
				WRAPPER_EXTENSION = app;
			};
			name = Debug;
		};
		C462BDD515C95A8700170E3C /* Release */ = {
			isa = XCBuildConfiguration;
			buildSettings = {
				GCC_PRECOMPILE_PREFIX_HEADER = YES;
				GCC_PREFIX_HEADER = "IRSOT Seminars/IRSOT Seminars-Prefix.pch";
				INFOPLIST_FILE = "IRSOT Seminars/IRSOT Seminars-Info.plist";
				PRODUCT_NAME = "$(TARGET_NAME)";
				WRAPPER_EXTENSION = app;
			};
			name = Release;
		};
/* End XCBuildConfiguration section */

/* Begin XCConfigurationList section */
		C462BDA415C95A8700170E3C /* Build configuration list for PBXProject "IRSOT Seminars" */ = {
			isa = XCConfigurationList;
			buildConfigurations = (
				C462BDD115C95A8700170E3C /* Debug */,
				C462BDD215C95A8700170E3C /* Release */,
			);
			defaultConfigurationIsVisible = 0;
			defaultConfigurationName = Release;
		};
		C462BDD315C95A8700170E3C /* Build configuration list for PBXNativeTarget "IRSOT Seminars" */ = {
			isa = XCConfigurationList;
			buildConfigurations = (
				C462BDD415C95A8700170E3C /* Debug */,
				C462BDD515C95A8700170E3C /* Release */,
			);
			defaultConfigurationIsVisible = 0;
			defaultConfigurationName = Release;
		};
/* End XCConfigurationList section */

/* Begin XCVersionGroup section */
		C462BDC815C95A8700170E3C /* IRSOT_Seminars.xcdatamodeld */ = {
			isa = XCVersionGroup;
			children = (
				C462BDC915C95A8700170E3C /* IRSOT_Seminars.xcdatamodel */,
			);
			currentVersion = C462BDC915C95A8700170E3C /* IRSOT_Seminars.xcdatamodel */;
			path = IRSOT_Seminars.xcdatamodeld;
			sourceTree = "<group>";
			versionGroupType = wrapper.xcdatamodel;
		};
/* End XCVersionGroup section */
	};
	rootObject = C462BDA115C95A8700170E3C /* Project object */;
}
